// !$*UTF8*$!
{
	archiveVersion = 1;
	classes = {
	};
	objectVersion = 46;
	objects = {

/* Begin PBXBuildFile section */
		8E0005B115E53CD300712B4D /* SocialController.m in Sources */ = {isa = PBXBuildFile; fileRef = 8E0005B015E53CD300712B4D /* SocialController.m */; };
		8E0005B415E53CEB00712B4D /* Twitter.framework in Frameworks */ = {isa = PBXBuildFile; fileRef = 8E0005B315E53CEB00712B4D /* Twitter.framework */; };
		8E0005B615E53CF900712B4D /* Accounts.framework in Frameworks */ = {isa = PBXBuildFile; fileRef = 8E0005B515E53CF900712B4D /* Accounts.framework */; };
		8E0005B815E53D0200712B4D /* MessageUI.framework in Frameworks */ = {isa = PBXBuildFile; fileRef = 8E0005B715E53D0200712B4D /* MessageUI.framework */; };
		8E1A7EB515E3EACF00FC7086 /* searchBar.png in Resources */ = {isa = PBXBuildFile; fileRef = 8E1A7EB115E3EACF00FC7086 /* searchBar.png */; };
		8E1A7EB615E3EACF00FC7086 /* searchBar@2x.png in Resources */ = {isa = PBXBuildFile; fileRef = 8E1A7EB215E3EACF00FC7086 /* searchBar@2x.png */; };
		8E1A7EB715E3EACF00FC7086 /* searchButton.png in Resources */ = {isa = PBXBuildFile; fileRef = 8E1A7EB315E3EACF00FC7086 /* searchButton.png */; };
		8E1A7EB815E3EACF00FC7086 /* searchButton@2x.png in Resources */ = {isa = PBXBuildFile; fileRef = 8E1A7EB415E3EACF00FC7086 /* searchButton@2x.png */; };
		8E25615315EBDEE300200BC2 /* loadingCancelButton.png in Resources */ = {isa = PBXBuildFile; fileRef = 8E25615115EBDEE300200BC2 /* loadingCancelButton.png */; };
		8E25615415EBDEE300200BC2 /* loadingCancelButton@2x.png in Resources */ = {isa = PBXBuildFile; fileRef = 8E25615215EBDEE300200BC2 /* loadingCancelButton@2x.png */; };
		8E25615815EBF02200200BC2 /* KISSMetricsAPI.m in Sources */ = {isa = PBXBuildFile; fileRef = 8E25615715EBF02200200BC2 /* KISSMetricsAPI.m */; settings = {COMPILER_FLAGS = "-fno-objc-arc"; }; };
		8E25615A15EC137300200BC2 /* iTunesArtwork@2x in Resources */ = {isa = PBXBuildFile; fileRef = 8E25615915EC137200200BC2 /* iTunesArtwork@2x */; };
		8E25615D15EC31CA00200BC2 /* shareButton.png in Resources */ = {isa = PBXBuildFile; fileRef = 8E25615B15EC31CA00200BC2 /* shareButton.png */; };
		8E25615E15EC31CA00200BC2 /* shareButton@2x.png in Resources */ = {isa = PBXBuildFile; fileRef = 8E25615C15EC31CA00200BC2 /* shareButton@2x.png */; };
		8E2A243215D4F0FA00D09A8B /* AsynchronousFreeloader.m in Sources */ = {isa = PBXBuildFile; fileRef = 8E2A243115D4F0FA00D09A8B /* AsynchronousFreeloader.m */; };
		8E2A243715D4F4C400D09A8B /* MediaPlayer.framework in Frameworks */ = {isa = PBXBuildFile; fileRef = 8E2A243615D4F4C400D09A8B /* MediaPlayer.framework */; };
		8E2E974215D565F900178DA0 /* AVFoundation.framework in Frameworks */ = {isa = PBXBuildFile; fileRef = 8E2E974115D565F900178DA0 /* AVFoundation.framework */; };
		8E2E974615D56A2700178DA0 /* MBProgressHUD.m in Sources */ = {isa = PBXBuildFile; fileRef = 8E2E974515D56A2700178DA0 /* MBProgressHUD.m */; };
		8E482E7F15F94FAB0079C84A /* DetailViewController.m in Sources */ = {isa = PBXBuildFile; fileRef = 8E482E7E15F94FAA0079C84A /* DetailViewController.m */; };
		8E56EF0415FA7E8C00422CEE /* LoadingVideoView_ipad.xib in Resources */ = {isa = PBXBuildFile; fileRef = 8E56EF0315FA7E8C00422CEE /* LoadingVideoView_ipad.xib */; };
		8E649A9415E491BA00B4D407 /* SearchTerms.plist in Resources */ = {isa = PBXBuildFile; fileRef = 8E649A9315E491BA00B4D407 /* SearchTerms.plist */; };
		8E6E9C0915F793EE00801B3C /* SearchViewController.xib in Resources */ = {isa = PBXBuildFile; fileRef = 8E6E9C0815F793EE00801B3C /* SearchViewController.xib */; };
		8E6F77B015FD97C500DB9569 /* VideoCardCell.xib in Resources */ = {isa = PBXBuildFile; fileRef = 8E6F77AF15FD97C500DB9569 /* VideoCardCell.xib */; };
		8E7522BB15F626D7000EBA59 /* Social.framework in Frameworks */ = {isa = PBXBuildFile; fileRef = 8E7522BA15F626D7000EBA59 /* Social.framework */; settings = {ATTRIBUTES = (Weak, ); }; };
		8E7522BE15F68EDC000EBA59 /* Icon@2x~ipad.png in Resources */ = {isa = PBXBuildFile; fileRef = 8E7522BD15F68EDC000EBA59 /* Icon@2x~ipad.png */; };
		8E87A457160BCD84006C75F7 /* fullscreenButton.png in Resources */ = {isa = PBXBuildFile; fileRef = 8E87A455160BCD84006C75F7 /* fullscreenButton.png */; };
		8E87A458160BCD84006C75F7 /* fullscreenButton@2x.png in Resources */ = {isa = PBXBuildFile; fileRef = 8E87A456160BCD84006C75F7 /* fullscreenButton@2x.png */; };
		8E89F5C015D4F724004B2DFF /* VideoPlayerContainerViewController.m in Sources */ = {isa = PBXBuildFile; fileRef = 8E89F5BF15D4F724004B2DFF /* VideoPlayerContainerViewController.m */; };
		8E89F5C915D4FEC4004B2DFF /* Default.png in Resources */ = {isa = PBXBuildFile; fileRef = 8E89F5C115D4FEC4004B2DFF /* Default.png */; };
		8E89F5CA15D4FEC4004B2DFF /* Default@2x.png in Resources */ = {isa = PBXBuildFile; fileRef = 8E89F5C215D4FEC4004B2DFF /* Default@2x.png */; };
		8E89F5CB15D4FEC4004B2DFF /* Icon-72.png in Resources */ = {isa = PBXBuildFile; fileRef = 8E89F5C315D4FEC4004B2DFF /* Icon-72.png */; };
		8E89F5CC15D4FEC4004B2DFF /* Icon-Small-50.png in Resources */ = {isa = PBXBuildFile; fileRef = 8E89F5C415D4FEC4004B2DFF /* Icon-Small-50.png */; };
		8E89F5CD15D4FEC4004B2DFF /* Icon-Small.png in Resources */ = {isa = PBXBuildFile; fileRef = 8E89F5C515D4FEC4004B2DFF /* Icon-Small.png */; };
		8E89F5CE15D4FEC4004B2DFF /* Icon-Small@2x.png in Resources */ = {isa = PBXBuildFile; fileRef = 8E89F5C615D4FEC4004B2DFF /* Icon-Small@2x.png */; };
		8E89F5CF15D4FEC4004B2DFF /* Icon.png in Resources */ = {isa = PBXBuildFile; fileRef = 8E89F5C715D4FEC4004B2DFF /* Icon.png */; };
		8E89F5D015D4FEC4004B2DFF /* Icon@2x.png in Resources */ = {isa = PBXBuildFile; fileRef = 8E89F5C815D4FEC4004B2DFF /* Icon@2x.png */; };
		8E8C682A15D94CE6004290A6 /* GeniusRollViewController.m in Sources */ = {isa = PBXBuildFile; fileRef = 8E8C682815D94CE5004290A6 /* GeniusRollViewController.m */; };
		8E8C683315D9572A004290A6 /* QueryCell.m in Sources */ = {isa = PBXBuildFile; fileRef = 8E8C683215D9572A004290A6 /* QueryCell.m */; };
		8E8C683515D95778004290A6 /* QueryCell_iphone.xib in Resources */ = {isa = PBXBuildFile; fileRef = 8E8C683415D95778004290A6 /* QueryCell_iphone.xib */; };
		8E8C683815D958A4004290A6 /* queryCellBackground.png in Resources */ = {isa = PBXBuildFile; fileRef = 8E8C683615D958A4004290A6 /* queryCellBackground.png */; };
		8E8C683915D958A4004290A6 /* queryCellBackground@2x.png in Resources */ = {isa = PBXBuildFile; fileRef = 8E8C683715D958A4004290A6 /* queryCellBackground@2x.png */; };
		8E8C684715D99DCE004290A6 /* GeniusRollViewController_iphone.xib in Resources */ = {isa = PBXBuildFile; fileRef = 8E8C684615D99DCE004290A6 /* GeniusRollViewController_iphone.xib */; };
		8E8C684915D9A0A0004290A6 /* QuartzCore.framework in Frameworks */ = {isa = PBXBuildFile; fileRef = 8E8C684815D9A0A0004290A6 /* QuartzCore.framework */; };
		8E99EF6E15E44FDC00877068 /* VideoPlayerViewController.m in Sources */ = {isa = PBXBuildFile; fileRef = 8E99EF6D15E44FDB00877068 /* VideoPlayerViewController.m */; };
		8EA44F7015E999EC00BB0A08 /* onboarding.png in Resources */ = {isa = PBXBuildFile; fileRef = 8EA44F6E15E999EC00BB0A08 /* onboarding.png */; };
		8EA44F7115E999EC00BB0A08 /* onboarding@2x.png in Resources */ = {isa = PBXBuildFile; fileRef = 8EA44F6F15E999EC00BB0A08 /* onboarding@2x.png */; };
		8EA44F7815E9A15A00BB0A08 /* navigationBackButton.png in Resources */ = {isa = PBXBuildFile; fileRef = 8EA44F7615E9A15A00BB0A08 /* navigationBackButton.png */; };
		8EA44F7915E9A15A00BB0A08 /* navigationBackButton@2x.png in Resources */ = {isa = PBXBuildFile; fileRef = 8EA44F7715E9A15A00BB0A08 /* navigationBackButton@2x.png */; };
		8EA732A0160246D6005BA877 /* KISSMetricsController.m in Sources */ = {isa = PBXBuildFile; fileRef = 8EA7329F160246D6005BA877 /* KISSMetricsController.m */; };
		8EAD107515FA93C200CAEC3C /* DetailNavigationController.m in Sources */ = {isa = PBXBuildFile; fileRef = 8EAD107415FA93C200CAEC3C /* DetailNavigationController.m */; };
		8EB3D2A815DB55DB00709586 /* Panhandler.m in Sources */ = {isa = PBXBuildFile; fileRef = 8EB3D2A715DB55DB00709586 /* Panhandler.m */; };
		8ECA62BD15EA88FA00056231 /* iTunesArtwork in Resources */ = {isa = PBXBuildFile; fileRef = 8ECA62BC15EA88FA00056231 /* iTunesArtwork */; };
		8ECA62C515EB215400056231 /* navigationBar@2x.png in Resources */ = {isa = PBXBuildFile; fileRef = 8ECA62C415EB215400056231 /* navigationBar@2x.png */; };
		8ECA62CB15EB247A00056231 /* TopAlignedLabel.m in Sources */ = {isa = PBXBuildFile; fileRef = 8ECA62CA15EB247A00056231 /* TopAlignedLabel.m */; };
		8ED93B0915DC1B3900339BF1 /* LoadingVideoView.m in Sources */ = {isa = PBXBuildFile; fileRef = 8ED93B0815DC1B3900339BF1 /* LoadingVideoView.m */; };
		8ED93B0C15DC1B4700339BF1 /* LoadingVideoView_iphone.xib in Resources */ = {isa = PBXBuildFile; fileRef = 8ED93B0B15DC1B4700339BF1 /* LoadingVideoView_iphone.xib */; };
		8EDAEB0C16125B1D00D0EE96 /* Default-568h@2x.png in Resources */ = {isa = PBXBuildFile; fileRef = 8EDAEB0B16125B1D00D0EE96 /* Default-568h@2x.png */; };
		8EDCE99815D4C3C000EFB1F2 /* UIKit.framework in Frameworks */ = {isa = PBXBuildFile; fileRef = 8EDCE99715D4C3C000EFB1F2 /* UIKit.framework */; };
		8EDCE99A15D4C3C000EFB1F2 /* Foundation.framework in Frameworks */ = {isa = PBXBuildFile; fileRef = 8EDCE99915D4C3C000EFB1F2 /* Foundation.framework */; };
		8EDCE99C15D4C3C000EFB1F2 /* CoreGraphics.framework in Frameworks */ = {isa = PBXBuildFile; fileRef = 8EDCE99B15D4C3C000EFB1F2 /* CoreGraphics.framework */; };
		8EDCE9A215D4C3C000EFB1F2 /* InfoPlist.strings in Resources */ = {isa = PBXBuildFile; fileRef = 8EDCE9A015D4C3C000EFB1F2 /* InfoPlist.strings */; };
		8EDCE9A415D4C3C000EFB1F2 /* main.m in Sources */ = {isa = PBXBuildFile; fileRef = 8EDCE9A315D4C3C000EFB1F2 /* main.m */; };
		8EDCE9A815D4C3C000EFB1F2 /* AppDelegate.m in Sources */ = {isa = PBXBuildFile; fileRef = 8EDCE9A715D4C3C000EFB1F2 /* AppDelegate.m */; };
		8EDCE9AB15D4C3C000EFB1F2 /* SearchViewController.m in Sources */ = {isa = PBXBuildFile; fileRef = 8EDCE9AA15D4C3C000EFB1F2 /* SearchViewController.m */; };
		8EDCE9B915D4C41A00EFB1F2 /* APIClient.m in Sources */ = {isa = PBXBuildFile; fileRef = 8EDCE9B815D4C41A00EFB1F2 /* APIClient.m */; };
		8EDCE9C915D4EEEE00EFB1F2 /* VideoCardCell.m in Sources */ = {isa = PBXBuildFile; fileRef = 8EDCE9C815D4EEEE00EFB1F2 /* VideoCardCell.m */; };
		8EDDFB2F15D88B1A00BCD710 /* Ubuntu-B.ttf in Resources */ = {isa = PBXBuildFile; fileRef = 8EDDFB2315D88B1A00BCD710 /* Ubuntu-B.ttf */; };
		8EDDFB3015D88B1A00BCD710 /* Ubuntu-M.ttf in Resources */ = {isa = PBXBuildFile; fileRef = 8EDDFB2415D88B1A00BCD710 /* Ubuntu-M.ttf */; };
		8EDDFB3115D88B1A00BCD710 /* Ubuntu-R.ttf in Resources */ = {isa = PBXBuildFile; fileRef = 8EDDFB2515D88B1A00BCD710 /* Ubuntu-R.ttf */; };
		8EDDFB3215D88B1A00BCD710 /* navigationLogo.png in Resources */ = {isa = PBXBuildFile; fileRef = 8EDDFB2715D88B1A00BCD710 /* navigationLogo.png */; };
		8EDDFB3315D88B1A00BCD710 /* navigationLogo@2x.png in Resources */ = {isa = PBXBuildFile; fileRef = 8EDDFB2815D88B1A00BCD710 /* navigationLogo@2x.png */; };
		8EDDFB3415D88B1A00BCD710 /* navigationBar.png in Resources */ = {isa = PBXBuildFile; fileRef = 8EDDFB2915D88B1A00BCD710 /* navigationBar.png */; };
		8EDF833B160B7AD800EB4518 /* MGSplitCornersView.m in Sources */ = {isa = PBXBuildFile; fileRef = 8EDF8334160B7AD800EB4518 /* MGSplitCornersView.m */; settings = {COMPILER_FLAGS = "-fno-objc-arc"; }; };
		8EDF833C160B7AD800EB4518 /* MGSplitDividerView.m in Sources */ = {isa = PBXBuildFile; fileRef = 8EDF8336160B7AD800EB4518 /* MGSplitDividerView.m */; settings = {COMPILER_FLAGS = "-fno-objc-arc"; }; };
		8EDF833E160B7AD800EB4518 /* MGSplitViewController.m in Sources */ = {isa = PBXBuildFile; fileRef = 8EDF833A160B7AD800EB4518 /* MGSplitViewController.m */; settings = {COMPILER_FLAGS = "-fno-objc-arc"; }; };
		8EF33D0B15EFCFDD007FE38E /* RootNavigationController.m in Sources */ = {isa = PBXBuildFile; fileRef = 8EF33D0A15EFCFDD007FE38E /* RootNavigationController.m */; };
		8EF33D0F15EFE516007FE38E /* Reachability.m in Sources */ = {isa = PBXBuildFile; fileRef = 8EF33D0E15EFE516007FE38E /* Reachability.m */; };
		8EF33D1515EFE729007FE38E /* CFNetwork.framework in Frameworks */ = {isa = PBXBuildFile; fileRef = 8EF33D1415EFE728007FE38E /* CFNetwork.framework */; };
		8EF33D1715EFE741007FE38E /* SystemConfiguration.framework in Frameworks */ = {isa = PBXBuildFile; fileRef = 8EF33D1615EFE741007FE38E /* SystemConfiguration.framework */; };
		8EF8211315DB5D3F00F18572 /* Crashlytics.framework in Frameworks */ = {isa = PBXBuildFile; fileRef = 8EF8211215DB5D3F00F18572 /* Crashlytics.framework */; };
/* End PBXBuildFile section */

/* Begin PBXFileReference section */
		8E0005AF15E53CD300712B4D /* SocialController.h */ = {isa = PBXFileReference; fileEncoding = 4; lastKnownFileType = sourcecode.c.h; path = SocialController.h; sourceTree = "<group>"; };
		8E0005B015E53CD300712B4D /* SocialController.m */ = {isa = PBXFileReference; fileEncoding = 4; lastKnownFileType = sourcecode.c.objc; path = SocialController.m; sourceTree = "<group>"; };
		8E0005B315E53CEB00712B4D /* Twitter.framework */ = {isa = PBXFileReference; lastKnownFileType = wrapper.framework; name = Twitter.framework; path = System/Library/Frameworks/Twitter.framework; sourceTree = SDKROOT; };
		8E0005B515E53CF900712B4D /* Accounts.framework */ = {isa = PBXFileReference; lastKnownFileType = wrapper.framework; name = Accounts.framework; path = System/Library/Frameworks/Accounts.framework; sourceTree = SDKROOT; };
		8E0005B715E53D0200712B4D /* MessageUI.framework */ = {isa = PBXFileReference; lastKnownFileType = wrapper.framework; name = MessageUI.framework; path = System/Library/Frameworks/MessageUI.framework; sourceTree = SDKROOT; };
		8E1A7EB115E3EACF00FC7086 /* searchBar.png */ = {isa = PBXFileReference; lastKnownFileType = image.png; path = searchBar.png; sourceTree = "<group>"; };
		8E1A7EB215E3EACF00FC7086 /* searchBar@2x.png */ = {isa = PBXFileReference; lastKnownFileType = image.png; path = "searchBar@2x.png"; sourceTree = "<group>"; };
		8E1A7EB315E3EACF00FC7086 /* searchButton.png */ = {isa = PBXFileReference; lastKnownFileType = image.png; path = searchButton.png; sourceTree = "<group>"; };
		8E1A7EB415E3EACF00FC7086 /* searchButton@2x.png */ = {isa = PBXFileReference; lastKnownFileType = image.png; path = "searchButton@2x.png"; sourceTree = "<group>"; };
		8E25615115EBDEE300200BC2 /* loadingCancelButton.png */ = {isa = PBXFileReference; lastKnownFileType = image.png; path = loadingCancelButton.png; sourceTree = "<group>"; };
		8E25615215EBDEE300200BC2 /* loadingCancelButton@2x.png */ = {isa = PBXFileReference; lastKnownFileType = image.png; path = "loadingCancelButton@2x.png"; sourceTree = "<group>"; };
		8E25615615EBF02200200BC2 /* KISSMetricsAPI.h */ = {isa = PBXFileReference; fileEncoding = 4; lastKnownFileType = sourcecode.c.h; path = KISSMetricsAPI.h; sourceTree = "<group>"; };
		8E25615715EBF02200200BC2 /* KISSMetricsAPI.m */ = {isa = PBXFileReference; fileEncoding = 4; lastKnownFileType = sourcecode.c.objc; path = KISSMetricsAPI.m; sourceTree = "<group>"; };
		8E25615915EC137200200BC2 /* iTunesArtwork@2x */ = {isa = PBXFileReference; lastKnownFileType = file; name = "iTunesArtwork@2x"; path = "../iTunesArtwork@2x"; sourceTree = "<group>"; };
		8E25615B15EC31CA00200BC2 /* shareButton.png */ = {isa = PBXFileReference; lastKnownFileType = image.png; path = shareButton.png; sourceTree = "<group>"; };
		8E25615C15EC31CA00200BC2 /* shareButton@2x.png */ = {isa = PBXFileReference; lastKnownFileType = image.png; path = "shareButton@2x.png"; sourceTree = "<group>"; };
		8E2A243015D4F0FA00D09A8B /* AsynchronousFreeloader.h */ = {isa = PBXFileReference; fileEncoding = 4; lastKnownFileType = sourcecode.c.h; path = AsynchronousFreeloader.h; sourceTree = "<group>"; };
		8E2A243115D4F0FA00D09A8B /* AsynchronousFreeloader.m */ = {isa = PBXFileReference; fileEncoding = 4; lastKnownFileType = sourcecode.c.objc; path = AsynchronousFreeloader.m; sourceTree = "<group>"; };
		8E2A243615D4F4C400D09A8B /* MediaPlayer.framework */ = {isa = PBXFileReference; lastKnownFileType = wrapper.framework; name = MediaPlayer.framework; path = System/Library/Frameworks/MediaPlayer.framework; sourceTree = SDKROOT; };
		8E2E974115D565F900178DA0 /* AVFoundation.framework */ = {isa = PBXFileReference; lastKnownFileType = wrapper.framework; name = AVFoundation.framework; path = System/Library/Frameworks/AVFoundation.framework; sourceTree = SDKROOT; };
		8E2E974415D56A2700178DA0 /* MBProgressHUD.h */ = {isa = PBXFileReference; fileEncoding = 4; lastKnownFileType = sourcecode.c.h; path = MBProgressHUD.h; sourceTree = "<group>"; };
		8E2E974515D56A2700178DA0 /* MBProgressHUD.m */ = {isa = PBXFileReference; fileEncoding = 4; lastKnownFileType = sourcecode.c.objc; path = MBProgressHUD.m; sourceTree = "<group>"; };
		8E482E7D15F94FAA0079C84A /* DetailViewController.h */ = {isa = PBXFileReference; fileEncoding = 4; lastKnownFileType = sourcecode.c.h; path = DetailViewController.h; sourceTree = "<group>"; };
		8E482E7E15F94FAA0079C84A /* DetailViewController.m */ = {isa = PBXFileReference; fileEncoding = 4; lastKnownFileType = sourcecode.c.objc; path = DetailViewController.m; sourceTree = "<group>"; };
		8E56EF0315FA7E8C00422CEE /* LoadingVideoView_ipad.xib */ = {isa = PBXFileReference; fileEncoding = 4; lastKnownFileType = file.xib; path = LoadingVideoView_ipad.xib; sourceTree = "<group>"; };
		8E649A9315E491BA00B4D407 /* SearchTerms.plist */ = {isa = PBXFileReference; fileEncoding = 4; lastKnownFileType = text.plist.xml; path = SearchTerms.plist; sourceTree = "<group>"; };
		8E6E9C0815F793EE00801B3C /* SearchViewController.xib */ = {isa = PBXFileReference; fileEncoding = 4; lastKnownFileType = file.xib; path = SearchViewController.xib; sourceTree = "<group>"; };
		8E6F77AF15FD97C500DB9569 /* VideoCardCell.xib */ = {isa = PBXFileReference; fileEncoding = 4; lastKnownFileType = file.xib; path = VideoCardCell.xib; sourceTree = "<group>"; };
		8E7522BA15F626D7000EBA59 /* Social.framework */ = {isa = PBXFileReference; lastKnownFileType = wrapper.framework; name = Social.framework; path = System/Library/Frameworks/Social.framework; sourceTree = SDKROOT; };
		8E7522BD15F68EDC000EBA59 /* Icon@2x~ipad.png */ = {isa = PBXFileReference; lastKnownFileType = image.png; path = "Icon@2x~ipad.png"; sourceTree = SOURCE_ROOT; };
		8E87A455160BCD84006C75F7 /* fullscreenButton.png */ = {isa = PBXFileReference; lastKnownFileType = image.png; path = fullscreenButton.png; sourceTree = "<group>"; };
		8E87A456160BCD84006C75F7 /* fullscreenButton@2x.png */ = {isa = PBXFileReference; lastKnownFileType = image.png; path = "fullscreenButton@2x.png"; sourceTree = "<group>"; };
		8E89F5BE15D4F724004B2DFF /* VideoPlayerContainerViewController.h */ = {isa = PBXFileReference; fileEncoding = 4; lastKnownFileType = sourcecode.c.h; path = VideoPlayerContainerViewController.h; sourceTree = "<group>"; };
		8E89F5BF15D4F724004B2DFF /* VideoPlayerContainerViewController.m */ = {isa = PBXFileReference; fileEncoding = 4; lastKnownFileType = sourcecode.c.objc; path = VideoPlayerContainerViewController.m; sourceTree = "<group>"; };
		8E89F5C115D4FEC4004B2DFF /* Default.png */ = {isa = PBXFileReference; lastKnownFileType = image.png; path = Default.png; sourceTree = SOURCE_ROOT; };
		8E89F5C215D4FEC4004B2DFF /* Default@2x.png */ = {isa = PBXFileReference; lastKnownFileType = image.png; path = "Default@2x.png"; sourceTree = SOURCE_ROOT; };
		8E89F5C315D4FEC4004B2DFF /* Icon-72.png */ = {isa = PBXFileReference; lastKnownFileType = image.png; path = "Icon-72.png"; sourceTree = SOURCE_ROOT; };
		8E89F5C415D4FEC4004B2DFF /* Icon-Small-50.png */ = {isa = PBXFileReference; lastKnownFileType = image.png; path = "Icon-Small-50.png"; sourceTree = SOURCE_ROOT; };
		8E89F5C515D4FEC4004B2DFF /* Icon-Small.png */ = {isa = PBXFileReference; lastKnownFileType = image.png; path = "Icon-Small.png"; sourceTree = SOURCE_ROOT; };
		8E89F5C615D4FEC4004B2DFF /* Icon-Small@2x.png */ = {isa = PBXFileReference; lastKnownFileType = image.png; path = "Icon-Small@2x.png"; sourceTree = SOURCE_ROOT; };
		8E89F5C715D4FEC4004B2DFF /* Icon.png */ = {isa = PBXFileReference; lastKnownFileType = image.png; path = Icon.png; sourceTree = SOURCE_ROOT; };
		8E89F5C815D4FEC4004B2DFF /* Icon@2x.png */ = {isa = PBXFileReference; lastKnownFileType = image.png; path = "Icon@2x.png"; sourceTree = SOURCE_ROOT; };
		8E8C682715D94CE5004290A6 /* GeniusRollViewController.h */ = {isa = PBXFileReference; fileEncoding = 4; lastKnownFileType = sourcecode.c.h; path = GeniusRollViewController.h; sourceTree = "<group>"; };
		8E8C682815D94CE5004290A6 /* GeniusRollViewController.m */ = {isa = PBXFileReference; fileEncoding = 4; lastKnownFileType = sourcecode.c.objc; path = GeniusRollViewController.m; sourceTree = "<group>"; };
		8E8C683115D9572A004290A6 /* QueryCell.h */ = {isa = PBXFileReference; fileEncoding = 4; lastKnownFileType = sourcecode.c.h; path = QueryCell.h; sourceTree = "<group>"; };
		8E8C683215D9572A004290A6 /* QueryCell.m */ = {isa = PBXFileReference; fileEncoding = 4; lastKnownFileType = sourcecode.c.objc; path = QueryCell.m; sourceTree = "<group>"; };
		8E8C683415D95778004290A6 /* QueryCell_iphone.xib */ = {isa = PBXFileReference; fileEncoding = 4; lastKnownFileType = file.xib; path = QueryCell_iphone.xib; sourceTree = "<group>"; };
		8E8C683615D958A4004290A6 /* queryCellBackground.png */ = {isa = PBXFileReference; lastKnownFileType = image.png; path = queryCellBackground.png; sourceTree = "<group>"; };
		8E8C683715D958A4004290A6 /* queryCellBackground@2x.png */ = {isa = PBXFileReference; lastKnownFileType = image.png; path = "queryCellBackground@2x.png"; sourceTree = "<group>"; };
		8E8C683A15D95CEC004290A6 /* Structures.h */ = {isa = PBXFileReference; lastKnownFileType = sourcecode.c.h; path = Structures.h; sourceTree = "<group>"; };
		8E8C683C15D95D0B004290A6 /* APIRoutes.h */ = {isa = PBXFileReference; lastKnownFileType = sourcecode.c.h; name = APIRoutes.h; path = ../APIRoutes.h; sourceTree = "<group>"; };
		8E8C684615D99DCE004290A6 /* GeniusRollViewController_iphone.xib */ = {isa = PBXFileReference; fileEncoding = 4; lastKnownFileType = file.xib; path = GeniusRollViewController_iphone.xib; sourceTree = "<group>"; };
		8E8C684815D9A0A0004290A6 /* QuartzCore.framework */ = {isa = PBXFileReference; lastKnownFileType = wrapper.framework; name = QuartzCore.framework; path = System/Library/Frameworks/QuartzCore.framework; sourceTree = SDKROOT; };
		8E99EF6C15E44FDB00877068 /* VideoPlayerViewController.h */ = {isa = PBXFileReference; fileEncoding = 4; lastKnownFileType = sourcecode.c.h; path = VideoPlayerViewController.h; sourceTree = "<group>"; };
		8E99EF6D15E44FDB00877068 /* VideoPlayerViewController.m */ = {isa = PBXFileReference; fileEncoding = 4; lastKnownFileType = sourcecode.c.objc; path = VideoPlayerViewController.m; sourceTree = "<group>"; };
		8EA44F6E15E999EC00BB0A08 /* onboarding.png */ = {isa = PBXFileReference; lastKnownFileType = image.png; path = onboarding.png; sourceTree = "<group>"; };
		8EA44F6F15E999EC00BB0A08 /* onboarding@2x.png */ = {isa = PBXFileReference; lastKnownFileType = image.png; path = "onboarding@2x.png"; sourceTree = "<group>"; };
		8EA44F7615E9A15A00BB0A08 /* navigationBackButton.png */ = {isa = PBXFileReference; lastKnownFileType = image.png; path = navigationBackButton.png; sourceTree = "<group>"; };
		8EA44F7715E9A15A00BB0A08 /* navigationBackButton@2x.png */ = {isa = PBXFileReference; lastKnownFileType = image.png; path = "navigationBackButton@2x.png"; sourceTree = "<group>"; };
		8EA7329E160246D5005BA877 /* KISSMetricsController.h */ = {isa = PBXFileReference; fileEncoding = 4; lastKnownFileType = sourcecode.c.h; path = KISSMetricsController.h; sourceTree = "<group>"; };
		8EA7329F160246D6005BA877 /* KISSMetricsController.m */ = {isa = PBXFileReference; fileEncoding = 4; lastKnownFileType = sourcecode.c.objc; path = KISSMetricsController.m; sourceTree = "<group>"; };
		8EAD107315FA93C200CAEC3C /* DetailNavigationController.h */ = {isa = PBXFileReference; fileEncoding = 4; lastKnownFileType = sourcecode.c.h; path = DetailNavigationController.h; sourceTree = "<group>"; };
		8EAD107415FA93C200CAEC3C /* DetailNavigationController.m */ = {isa = PBXFileReference; fileEncoding = 4; lastKnownFileType = sourcecode.c.objc; path = DetailNavigationController.m; sourceTree = "<group>"; };
		8EB3D2A615DB55DB00709586 /* Panhandler.h */ = {isa = PBXFileReference; fileEncoding = 4; lastKnownFileType = sourcecode.c.h; path = Panhandler.h; sourceTree = "<group>"; };
		8EB3D2A715DB55DB00709586 /* Panhandler.m */ = {isa = PBXFileReference; fileEncoding = 4; lastKnownFileType = sourcecode.c.objc; path = Panhandler.m; sourceTree = "<group>"; };
		8ECA62BC15EA88FA00056231 /* iTunesArtwork */ = {isa = PBXFileReference; lastKnownFileType = file; path = iTunesArtwork; sourceTree = SOURCE_ROOT; };
		8ECA62C415EB215400056231 /* navigationBar@2x.png */ = {isa = PBXFileReference; lastKnownFileType = image.png; path = "navigationBar@2x.png"; sourceTree = "<group>"; };
		8ECA62C915EB247A00056231 /* TopAlignedLabel.h */ = {isa = PBXFileReference; fileEncoding = 4; lastKnownFileType = sourcecode.c.h; path = TopAlignedLabel.h; sourceTree = "<group>"; };
		8ECA62CA15EB247A00056231 /* TopAlignedLabel.m */ = {isa = PBXFileReference; fileEncoding = 4; lastKnownFileType = sourcecode.c.objc; path = TopAlignedLabel.m; sourceTree = "<group>"; };
		8ED93B0715DC1B3900339BF1 /* LoadingVideoView.h */ = {isa = PBXFileReference; fileEncoding = 4; lastKnownFileType = sourcecode.c.h; path = LoadingVideoView.h; sourceTree = "<group>"; };
		8ED93B0815DC1B3900339BF1 /* LoadingVideoView.m */ = {isa = PBXFileReference; fileEncoding = 4; lastKnownFileType = sourcecode.c.objc; path = LoadingVideoView.m; sourceTree = "<group>"; };
		8ED93B0B15DC1B4700339BF1 /* LoadingVideoView_iphone.xib */ = {isa = PBXFileReference; fileEncoding = 4; lastKnownFileType = file.xib; path = LoadingVideoView_iphone.xib; sourceTree = "<group>"; };
		8EDAEB0B16125B1D00D0EE96 /* Default-568h@2x.png */ = {isa = PBXFileReference; lastKnownFileType = image.png; path = "Default-568h@2x.png"; sourceTree = SOURCE_ROOT; };
		8EDCE99315D4C3C000EFB1F2 /* Shelby Genius.app */ = {isa = PBXFileReference; explicitFileType = wrapper.application; includeInIndex = 0; path = "Shelby Genius.app"; sourceTree = BUILT_PRODUCTS_DIR; };
		8EDCE99715D4C3C000EFB1F2 /* UIKit.framework */ = {isa = PBXFileReference; lastKnownFileType = wrapper.framework; name = UIKit.framework; path = System/Library/Frameworks/UIKit.framework; sourceTree = SDKROOT; };
		8EDCE99915D4C3C000EFB1F2 /* Foundation.framework */ = {isa = PBXFileReference; lastKnownFileType = wrapper.framework; name = Foundation.framework; path = System/Library/Frameworks/Foundation.framework; sourceTree = SDKROOT; };
		8EDCE99B15D4C3C000EFB1F2 /* CoreGraphics.framework */ = {isa = PBXFileReference; lastKnownFileType = wrapper.framework; name = CoreGraphics.framework; path = System/Library/Frameworks/CoreGraphics.framework; sourceTree = SDKROOT; };
		8EDCE99F15D4C3C000EFB1F2 /* Shelby Genius-Info.plist */ = {isa = PBXFileReference; lastKnownFileType = text.plist.xml; path = "Shelby Genius-Info.plist"; sourceTree = "<group>"; };
		8EDCE9A115D4C3C000EFB1F2 /* en */ = {isa = PBXFileReference; lastKnownFileType = text.plist.strings; name = en; path = en.lproj/InfoPlist.strings; sourceTree = "<group>"; };
		8EDCE9A315D4C3C000EFB1F2 /* main.m */ = {isa = PBXFileReference; lastKnownFileType = sourcecode.c.objc; path = main.m; sourceTree = "<group>"; };
		8EDCE9A515D4C3C000EFB1F2 /* Shelby Genius-Prefix.pch */ = {isa = PBXFileReference; lastKnownFileType = sourcecode.c.h; path = "Shelby Genius-Prefix.pch"; sourceTree = "<group>"; };
		8EDCE9A615D4C3C000EFB1F2 /* AppDelegate.h */ = {isa = PBXFileReference; lastKnownFileType = sourcecode.c.h; path = AppDelegate.h; sourceTree = "<group>"; };
		8EDCE9A715D4C3C000EFB1F2 /* AppDelegate.m */ = {isa = PBXFileReference; lastKnownFileType = sourcecode.c.objc; path = AppDelegate.m; sourceTree = "<group>"; };
		8EDCE9A915D4C3C000EFB1F2 /* SearchViewController.h */ = {isa = PBXFileReference; lastKnownFileType = sourcecode.c.h; path = SearchViewController.h; sourceTree = "<group>"; };
		8EDCE9AA15D4C3C000EFB1F2 /* SearchViewController.m */ = {isa = PBXFileReference; lastKnownFileType = sourcecode.c.objc; path = SearchViewController.m; sourceTree = "<group>"; };
		8EDCE9B715D4C41A00EFB1F2 /* APIClient.h */ = {isa = PBXFileReference; fileEncoding = 4; lastKnownFileType = sourcecode.c.h; path = APIClient.h; sourceTree = "<group>"; };
		8EDCE9B815D4C41A00EFB1F2 /* APIClient.m */ = {isa = PBXFileReference; fileEncoding = 4; lastKnownFileType = sourcecode.c.objc; path = APIClient.m; sourceTree = "<group>"; };
		8EDCE9BE15D4CFBD00EFB1F2 /* Constants.h */ = {isa = PBXFileReference; lastKnownFileType = sourcecode.c.h; path = Constants.h; sourceTree = "<group>"; };
		8EDCE9C715D4EEEE00EFB1F2 /* VideoCardCell.h */ = {isa = PBXFileReference; fileEncoding = 4; lastKnownFileType = sourcecode.c.h; path = VideoCardCell.h; sourceTree = "<group>"; };
		8EDCE9C815D4EEEE00EFB1F2 /* VideoCardCell.m */ = {isa = PBXFileReference; fileEncoding = 4; lastKnownFileType = sourcecode.c.objc; path = VideoCardCell.m; sourceTree = "<group>"; };
		8EDDFB2315D88B1A00BCD710 /* Ubuntu-B.ttf */ = {isa = PBXFileReference; lastKnownFileType = file; path = "Ubuntu-B.ttf"; sourceTree = "<group>"; };
		8EDDFB2415D88B1A00BCD710 /* Ubuntu-M.ttf */ = {isa = PBXFileReference; lastKnownFileType = file; path = "Ubuntu-M.ttf"; sourceTree = "<group>"; };
		8EDDFB2515D88B1A00BCD710 /* Ubuntu-R.ttf */ = {isa = PBXFileReference; lastKnownFileType = file; path = "Ubuntu-R.ttf"; sourceTree = "<group>"; };
		8EDDFB2715D88B1A00BCD710 /* navigationLogo.png */ = {isa = PBXFileReference; lastKnownFileType = image.png; path = navigationLogo.png; sourceTree = "<group>"; };
		8EDDFB2815D88B1A00BCD710 /* navigationLogo@2x.png */ = {isa = PBXFileReference; lastKnownFileType = image.png; path = "navigationLogo@2x.png"; sourceTree = "<group>"; };
		8EDDFB2915D88B1A00BCD710 /* navigationBar.png */ = {isa = PBXFileReference; lastKnownFileType = image.png; path = navigationBar.png; sourceTree = "<group>"; };
		8EDF8333160B7AD800EB4518 /* MGSplitCornersView.h */ = {isa = PBXFileReference; fileEncoding = 4; lastKnownFileType = sourcecode.c.h; path = MGSplitCornersView.h; sourceTree = "<group>"; };
		8EDF8334160B7AD800EB4518 /* MGSplitCornersView.m */ = {isa = PBXFileReference; fileEncoding = 4; lastKnownFileType = sourcecode.c.objc; path = MGSplitCornersView.m; sourceTree = "<group>"; };
		8EDF8335160B7AD800EB4518 /* MGSplitDividerView.h */ = {isa = PBXFileReference; fileEncoding = 4; lastKnownFileType = sourcecode.c.h; path = MGSplitDividerView.h; sourceTree = "<group>"; };
		8EDF8336160B7AD800EB4518 /* MGSplitDividerView.m */ = {isa = PBXFileReference; fileEncoding = 4; lastKnownFileType = sourcecode.c.objc; path = MGSplitDividerView.m; sourceTree = "<group>"; };
		8EDF8339160B7AD800EB4518 /* MGSplitViewController.h */ = {isa = PBXFileReference; fileEncoding = 4; lastKnownFileType = sourcecode.c.h; path = MGSplitViewController.h; sourceTree = "<group>"; };
		8EDF833A160B7AD800EB4518 /* MGSplitViewController.m */ = {isa = PBXFileReference; fileEncoding = 4; lastKnownFileType = sourcecode.c.objc; path = MGSplitViewController.m; sourceTree = "<group>"; };
		8EF33D0915EFCFDD007FE38E /* RootNavigationController.h */ = {isa = PBXFileReference; fileEncoding = 4; lastKnownFileType = sourcecode.c.h; path = RootNavigationController.h; sourceTree = "<group>"; };
		8EF33D0A15EFCFDD007FE38E /* RootNavigationController.m */ = {isa = PBXFileReference; fileEncoding = 4; lastKnownFileType = sourcecode.c.objc; path = RootNavigationController.m; sourceTree = "<group>"; };
		8EF33D0D15EFE516007FE38E /* Reachability.h */ = {isa = PBXFileReference; fileEncoding = 4; lastKnownFileType = sourcecode.c.h; path = Reachability.h; sourceTree = "<group>"; };
		8EF33D0E15EFE516007FE38E /* Reachability.m */ = {isa = PBXFileReference; fileEncoding = 4; lastKnownFileType = sourcecode.c.objc; path = Reachability.m; sourceTree = "<group>"; };
		8EF33D1415EFE728007FE38E /* CFNetwork.framework */ = {isa = PBXFileReference; lastKnownFileType = wrapper.framework; name = CFNetwork.framework; path = System/Library/Frameworks/CFNetwork.framework; sourceTree = SDKROOT; };
		8EF33D1615EFE741007FE38E /* SystemConfiguration.framework */ = {isa = PBXFileReference; lastKnownFileType = wrapper.framework; name = SystemConfiguration.framework; path = System/Library/Frameworks/SystemConfiguration.framework; sourceTree = SDKROOT; };
		8EF8211215DB5D3F00F18572 /* Crashlytics.framework */ = {isa = PBXFileReference; lastKnownFileType = wrapper.framework; path = Crashlytics.framework; sourceTree = "<group>"; };
/* End PBXFileReference section */

/* Begin PBXFrameworksBuildPhase section */
		8EDCE99015D4C3C000EFB1F2 /* Frameworks */ = {
			isa = PBXFrameworksBuildPhase;
			buildActionMask = 2147483647;
			files = (
				8E7522BB15F626D7000EBA59 /* Social.framework in Frameworks */,
				8EF33D1715EFE741007FE38E /* SystemConfiguration.framework in Frameworks */,
				8EF33D1515EFE729007FE38E /* CFNetwork.framework in Frameworks */,
				8E0005B815E53D0200712B4D /* MessageUI.framework in Frameworks */,
				8E0005B615E53CF900712B4D /* Accounts.framework in Frameworks */,
				8E0005B415E53CEB00712B4D /* Twitter.framework in Frameworks */,
				8E8C684915D9A0A0004290A6 /* QuartzCore.framework in Frameworks */,
				8E2E974215D565F900178DA0 /* AVFoundation.framework in Frameworks */,
				8E2A243715D4F4C400D09A8B /* MediaPlayer.framework in Frameworks */,
				8EDCE99815D4C3C000EFB1F2 /* UIKit.framework in Frameworks */,
				8EDCE99A15D4C3C000EFB1F2 /* Foundation.framework in Frameworks */,
				8EDCE99C15D4C3C000EFB1F2 /* CoreGraphics.framework in Frameworks */,
				8EF8211315DB5D3F00F18572 /* Crashlytics.framework in Frameworks */,
			);
			runOnlyForDeploymentPostprocessing = 0;
		};
/* End PBXFrameworksBuildPhase section */

/* Begin PBXGroup section */
		8E25615515EBF02100200BC2 /* Kissmetrics */ = {
			isa = PBXGroup;
			children = (
				8E25615615EBF02200200BC2 /* KISSMetricsAPI.h */,
				8E25615715EBF02200200BC2 /* KISSMetricsAPI.m */,
			);
			name = Kissmetrics;
			path = "External Libraries/Kissmetrics";
			sourceTree = SOURCE_ROOT;
		};
		8E2A242F15D4F0FA00D09A8B /* Asynchronous Freeloader */ = {
			isa = PBXGroup;
			children = (
				8E2A243015D4F0FA00D09A8B /* AsynchronousFreeloader.h */,
				8E2A243115D4F0FA00D09A8B /* AsynchronousFreeloader.m */,
			);
			name = "Asynchronous Freeloader";
			path = "External Libraries/Asynchronous Freeloader";
			sourceTree = SOURCE_ROOT;
		};
		8E2E974315D56A2700178DA0 /* MBProgressHUD */ = {
			isa = PBXGroup;
			children = (
				8E2E974415D56A2700178DA0 /* MBProgressHUD.h */,
				8E2E974515D56A2700178DA0 /* MBProgressHUD.m */,
			);
			name = MBProgressHUD;
			path = "External Libraries/MBProgressHUD";
			sourceTree = SOURCE_ROOT;
		};
		8E89F5D115D4FECB004B2DFF /* Resources */ = {
			isa = PBXGroup;
			children = (
				8ECA62BF15EA890500056231 /* Default Artwork */,
				8EDDFB2215D88B1A00BCD710 /* Fonts */,
				8EDDFB2615D88B1A00BCD710 /* Images */,
			);
			name = Resources;
			sourceTree = "<group>";
		};
		8E8C683D15D95D12004290A6 /* Constants */ = {
			isa = PBXGroup;
			children = (
				8EDCE9BE15D4CFBD00EFB1F2 /* Constants.h */,
				8E8C683A15D95CEC004290A6 /* Structures.h */,
				8E8C683C15D95D0B004290A6 /* APIRoutes.h */,
				8E649A9315E491BA00B4D407 /* SearchTerms.plist */,
			);
			name = Constants;
			sourceTree = "<group>";
		};
		8EB3D2A515DB55DB00709586 /* Panhandler */ = {
			isa = PBXGroup;
			children = (
				8EB3D2A615DB55DB00709586 /* Panhandler.h */,
				8EB3D2A715DB55DB00709586 /* Panhandler.m */,
			);
			name = Panhandler;
			path = "External Libraries/Panhandler";
			sourceTree = SOURCE_ROOT;
		};
		8ECA62BF15EA890500056231 /* Default Artwork */ = {
			isa = PBXGroup;
			children = (
				8E7522BD15F68EDC000EBA59 /* Icon@2x~ipad.png */,
				8ECA62BC15EA88FA00056231 /* iTunesArtwork */,
				8E25615915EC137200200BC2 /* iTunesArtwork@2x */,
				8E89F5C115D4FEC4004B2DFF /* Default.png */,
				8E89F5C215D4FEC4004B2DFF /* Default@2x.png */,
				8EDAEB0B16125B1D00D0EE96 /* Default-568h@2x.png */,
				8E89F5C315D4FEC4004B2DFF /* Icon-72.png */,
				8E89F5C415D4FEC4004B2DFF /* Icon-Small-50.png */,
				8E89F5C515D4FEC4004B2DFF /* Icon-Small.png */,
				8E89F5C615D4FEC4004B2DFF /* Icon-Small@2x.png */,
				8E89F5C715D4FEC4004B2DFF /* Icon.png */,
				8E89F5C815D4FEC4004B2DFF /* Icon@2x.png */,
			);
			name = "Default Artwork";
			sourceTree = "<group>";
		};
		8EDCE98815D4C3C000EFB1F2 = {
			isa = PBXGroup;
			children = (
				8EDCE99D15D4C3C000EFB1F2 /* Shelby Genius */,
				8EDCE99615D4C3C000EFB1F2 /* Frameworks */,
				8EDCE99415D4C3C000EFB1F2 /* Products */,
			);
			sourceTree = "<group>";
		};
		8EDCE99415D4C3C000EFB1F2 /* Products */ = {
			isa = PBXGroup;
			children = (
				8EDCE99315D4C3C000EFB1F2 /* Shelby Genius.app */,
			);
			name = Products;
			sourceTree = "<group>";
		};
		8EDCE99615D4C3C000EFB1F2 /* Frameworks */ = {
			isa = PBXGroup;
			children = (
				8E7522BA15F626D7000EBA59 /* Social.framework */,
				8EF33D1615EFE741007FE38E /* SystemConfiguration.framework */,
				8EF33D1415EFE728007FE38E /* CFNetwork.framework */,
				8E0005B715E53D0200712B4D /* MessageUI.framework */,
				8E0005B515E53CF900712B4D /* Accounts.framework */,
				8E0005B315E53CEB00712B4D /* Twitter.framework */,
				8E2E974115D565F900178DA0 /* AVFoundation.framework */,
				8EF8211215DB5D3F00F18572 /* Crashlytics.framework */,
				8E2A243615D4F4C400D09A8B /* MediaPlayer.framework */,
				8E8C684815D9A0A0004290A6 /* QuartzCore.framework */,
				8EDCE99715D4C3C000EFB1F2 /* UIKit.framework */,
				8EDCE99915D4C3C000EFB1F2 /* Foundation.framework */,
				8EDCE99B15D4C3C000EFB1F2 /* CoreGraphics.framework */,
			);
			name = Frameworks;
			sourceTree = "<group>";
		};
		8EDCE99D15D4C3C000EFB1F2 /* Shelby Genius */ = {
			isa = PBXGroup;
			children = (
				8EDCE9CB15D4EF0600EFB1F2 /* Models */,
				8EDCE9CA15D4EEF900EFB1F2 /* Controllers */,
				8EDCE9CE15D4EF2700EFB1F2 /* View Controllers */,
				8EDCE9CC15D4EF0F00EFB1F2 /* Views */,
				8E8C683D15D95D12004290A6 /* Constants */,
				8EDCE9D115D4F02A00EFB1F2 /* External Libraries */,
				8E89F5D115D4FECB004B2DFF /* Resources */,
				8EDCE99E15D4C3C000EFB1F2 /* Supporting Files */,
			);
			path = "Shelby Genius";
			sourceTree = "<group>";
		};
		8EDCE99E15D4C3C000EFB1F2 /* Supporting Files */ = {
			isa = PBXGroup;
			children = (
				8EDCE99F15D4C3C000EFB1F2 /* Shelby Genius-Info.plist */,
				8EDCE9A015D4C3C000EFB1F2 /* InfoPlist.strings */,
				8EDCE9A315D4C3C000EFB1F2 /* main.m */,
				8EDCE9A515D4C3C000EFB1F2 /* Shelby Genius-Prefix.pch */,
			);
			name = "Supporting Files";
			sourceTree = "<group>";
		};
		8EDCE9CA15D4EEF900EFB1F2 /* Controllers */ = {
			isa = PBXGroup;
			children = (
				8EDCE9B715D4C41A00EFB1F2 /* APIClient.h */,
				8EDCE9B815D4C41A00EFB1F2 /* APIClient.m */,
				8EA7329E160246D5005BA877 /* KISSMetricsController.h */,
				8EA7329F160246D6005BA877 /* KISSMetricsController.m */,
				8E0005AF15E53CD300712B4D /* SocialController.h */,
				8E0005B015E53CD300712B4D /* SocialController.m */,
			);
			name = Controllers;
			sourceTree = "<group>";
		};
		8EDCE9CB15D4EF0600EFB1F2 /* Models */ = {
			isa = PBXGroup;
			children = (
				8EDCE9A615D4C3C000EFB1F2 /* AppDelegate.h */,
				8EDCE9A715D4C3C000EFB1F2 /* AppDelegate.m */,
			);
			name = Models;
			sourceTree = "<group>";
		};
		8EDCE9CC15D4EF0F00EFB1F2 /* Views */ = {
			isa = PBXGroup;
			children = (
				8EDCE9CD15D4EF1D00EFB1F2 /* Xibs */,
				8ED93B0715DC1B3900339BF1 /* LoadingVideoView.h */,
				8ED93B0815DC1B3900339BF1 /* LoadingVideoView.m */,
				8E8C683115D9572A004290A6 /* QueryCell.h */,
				8E8C683215D9572A004290A6 /* QueryCell.m */,
				8ECA62C915EB247A00056231 /* TopAlignedLabel.h */,
				8ECA62CA15EB247A00056231 /* TopAlignedLabel.m */,
				8EDCE9C715D4EEEE00EFB1F2 /* VideoCardCell.h */,
				8EDCE9C815D4EEEE00EFB1F2 /* VideoCardCell.m */,
			);
			name = Views;
			sourceTree = "<group>";
		};
		8EDCE9CD15D4EF1D00EFB1F2 /* Xibs */ = {
			isa = PBXGroup;
			children = (
				8E6E9C0815F793EE00801B3C /* SearchViewController.xib */,
				8E8C684615D99DCE004290A6 /* GeniusRollViewController_iphone.xib */,
				8ED93B0B15DC1B4700339BF1 /* LoadingVideoView_iphone.xib */,
				8E56EF0315FA7E8C00422CEE /* LoadingVideoView_ipad.xib */,
				8E8C683415D95778004290A6 /* QueryCell_iphone.xib */,
				8E6F77AF15FD97C500DB9569 /* VideoCardCell.xib */,
			);
			name = Xibs;
			sourceTree = "<group>";
		};
		8EDCE9CE15D4EF2700EFB1F2 /* View Controllers */ = {
			isa = PBXGroup;
			children = (
				8E482E7D15F94FAA0079C84A /* DetailViewController.h */,
				8E482E7E15F94FAA0079C84A /* DetailViewController.m */,
				8EAD107315FA93C200CAEC3C /* DetailNavigationController.h */,
				8EAD107415FA93C200CAEC3C /* DetailNavigationController.m */,
				8E8C682715D94CE5004290A6 /* GeniusRollViewController.h */,
				8E8C682815D94CE5004290A6 /* GeniusRollViewController.m */,
				8EF33D0915EFCFDD007FE38E /* RootNavigationController.h */,
				8EF33D0A15EFCFDD007FE38E /* RootNavigationController.m */,
				8EDCE9A915D4C3C000EFB1F2 /* SearchViewController.h */,
				8EDCE9AA15D4C3C000EFB1F2 /* SearchViewController.m */,
				8E89F5BE15D4F724004B2DFF /* VideoPlayerContainerViewController.h */,
				8E89F5BF15D4F724004B2DFF /* VideoPlayerContainerViewController.m */,
				8E99EF6C15E44FDB00877068 /* VideoPlayerViewController.h */,
				8E99EF6D15E44FDB00877068 /* VideoPlayerViewController.m */,
			);
			name = "View Controllers";
			sourceTree = "<group>";
		};
		8EDCE9D115D4F02A00EFB1F2 /* External Libraries */ = {
			isa = PBXGroup;
			children = (
				8E2A242F15D4F0FA00D09A8B /* Asynchronous Freeloader */,
				8E25615515EBF02100200BC2 /* Kissmetrics */,
				8E2E974315D56A2700178DA0 /* MBProgressHUD */,
				8EDF8325160B7A8700EB4518 /* MGSplitViewController */,
				8EF33D0C15EFE516007FE38E /* Reachability (ARC) */,
				8EB3D2A515DB55DB00709586 /* Panhandler */,
			);
			name = "External Libraries";
			sourceTree = "<group>";
		};
		8EDDFB2215D88B1A00BCD710 /* Fonts */ = {
			isa = PBXGroup;
			children = (
				8EDDFB2315D88B1A00BCD710 /* Ubuntu-B.ttf */,
				8EDDFB2415D88B1A00BCD710 /* Ubuntu-M.ttf */,
				8EDDFB2515D88B1A00BCD710 /* Ubuntu-R.ttf */,
			);
			name = Fonts;
			path = Resources/Fonts;
			sourceTree = SOURCE_ROOT;
		};
		8EDDFB2615D88B1A00BCD710 /* Images */ = {
			isa = PBXGroup;
			children = (
				8E87A455160BCD84006C75F7 /* fullscreenButton.png */,
				8E87A456160BCD84006C75F7 /* fullscreenButton@2x.png */,
				8E25615115EBDEE300200BC2 /* loadingCancelButton.png */,
				8E25615215EBDEE300200BC2 /* loadingCancelButton@2x.png */,
				8E25615B15EC31CA00200BC2 /* shareButton.png */,
				8E25615C15EC31CA00200BC2 /* shareButton@2x.png */,
				8EA44F7615E9A15A00BB0A08 /* navigationBackButton.png */,
				8EA44F7715E9A15A00BB0A08 /* navigationBackButton@2x.png */,
				8EA44F6E15E999EC00BB0A08 /* onboarding.png */,
				8EA44F6F15E999EC00BB0A08 /* onboarding@2x.png */,
				8E1A7EB115E3EACF00FC7086 /* searchBar.png */,
				8E1A7EB215E3EACF00FC7086 /* searchBar@2x.png */,
				8E1A7EB315E3EACF00FC7086 /* searchButton.png */,
				8E1A7EB415E3EACF00FC7086 /* searchButton@2x.png */,
				8E8C683615D958A4004290A6 /* queryCellBackground.png */,
				8E8C683715D958A4004290A6 /* queryCellBackground@2x.png */,
				8EDDFB2715D88B1A00BCD710 /* navigationLogo.png */,
				8EDDFB2815D88B1A00BCD710 /* navigationLogo@2x.png */,
				8EDDFB2915D88B1A00BCD710 /* navigationBar.png */,
				8ECA62C415EB215400056231 /* navigationBar@2x.png */,
			);
			name = Images;
			path = Resources/Images;
			sourceTree = SOURCE_ROOT;
		};
		8EDF8325160B7A8700EB4518 /* MGSplitViewController */ = {
			isa = PBXGroup;
			children = (
				8EDF8333160B7AD800EB4518 /* MGSplitCornersView.h */,
				8EDF8334160B7AD800EB4518 /* MGSplitCornersView.m */,
				8EDF8335160B7AD800EB4518 /* MGSplitDividerView.h */,
				8EDF8336160B7AD800EB4518 /* MGSplitDividerView.m */,
				8EDF8339160B7AD800EB4518 /* MGSplitViewController.h */,
				8EDF833A160B7AD800EB4518 /* MGSplitViewController.m */,
			);
			name = MGSplitViewController;
			path = "External Libraries/MGSplitViewController";
			sourceTree = SOURCE_ROOT;
		};
		8EF33D0C15EFE516007FE38E /* Reachability (ARC) */ = {
			isa = PBXGroup;
			children = (
				8EF33D0D15EFE516007FE38E /* Reachability.h */,
				8EF33D0E15EFE516007FE38E /* Reachability.m */,
			);
			name = "Reachability (ARC)";
			path = "External Libraries/Reachability (ARC)";
			sourceTree = SOURCE_ROOT;
		};
/* End PBXGroup section */

/* Begin PBXNativeTarget section */
		8EDCE99215D4C3C000EFB1F2 /* Shelby Genius */ = {
			isa = PBXNativeTarget;
			buildConfigurationList = 8EDCE9B415D4C3C000EFB1F2 /* Build configuration list for PBXNativeTarget "Shelby Genius" */;
			buildPhases = (
				8EDCE98F15D4C3C000EFB1F2 /* Sources */,
				8EDCE99015D4C3C000EFB1F2 /* Frameworks */,
				8EDCE99115D4C3C000EFB1F2 /* Resources */,
				8EF8211115DB5D2000F18572 /* ShellScript */,
			);
			buildRules = (
			);
			dependencies = (
			);
			name = "Shelby Genius";
			productName = "Shelby Genius";
			productReference = 8EDCE99315D4C3C000EFB1F2 /* Shelby Genius.app */;
			productType = "com.apple.product-type.application";
		};
/* End PBXNativeTarget section */

/* Begin PBXProject section */
		8EDCE98A15D4C3C000EFB1F2 /* Project object */ = {
			isa = PBXProject;
			attributes = {
				LastUpgradeCheck = 0440;
				ORGANIZATIONNAME = "Arthur Ariel Sabintsev";
			};
			buildConfigurationList = 8EDCE98D15D4C3C000EFB1F2 /* Build configuration list for PBXProject "Shelby Genius" */;
			compatibilityVersion = "Xcode 3.2";
			developmentRegion = English;
			hasScannedForEncodings = 0;
			knownRegions = (
				en,
			);
			mainGroup = 8EDCE98815D4C3C000EFB1F2;
			productRefGroup = 8EDCE99415D4C3C000EFB1F2 /* Products */;
			projectDirPath = "";
			projectRoot = "";
			targets = (
				8EDCE99215D4C3C000EFB1F2 /* Shelby Genius */,
			);
		};
/* End PBXProject section */

/* Begin PBXResourcesBuildPhase section */
		8EDCE99115D4C3C000EFB1F2 /* Resources */ = {
			isa = PBXResourcesBuildPhase;
			buildActionMask = 2147483647;
			files = (
				8EDCE9A215D4C3C000EFB1F2 /* InfoPlist.strings in Resources */,
				8E89F5C915D4FEC4004B2DFF /* Default.png in Resources */,
				8E89F5CA15D4FEC4004B2DFF /* Default@2x.png in Resources */,
				8E89F5CB15D4FEC4004B2DFF /* Icon-72.png in Resources */,
				8E89F5CC15D4FEC4004B2DFF /* Icon-Small-50.png in Resources */,
				8E89F5CD15D4FEC4004B2DFF /* Icon-Small.png in Resources */,
				8E89F5CE15D4FEC4004B2DFF /* Icon-Small@2x.png in Resources */,
				8E89F5CF15D4FEC4004B2DFF /* Icon.png in Resources */,
				8E89F5D015D4FEC4004B2DFF /* Icon@2x.png in Resources */,
				8EDDFB2F15D88B1A00BCD710 /* Ubuntu-B.ttf in Resources */,
				8EDDFB3015D88B1A00BCD710 /* Ubuntu-M.ttf in Resources */,
				8EDDFB3115D88B1A00BCD710 /* Ubuntu-R.ttf in Resources */,
				8EDDFB3215D88B1A00BCD710 /* navigationLogo.png in Resources */,
				8EDDFB3315D88B1A00BCD710 /* navigationLogo@2x.png in Resources */,
				8EDDFB3415D88B1A00BCD710 /* navigationBar.png in Resources */,
				8E8C683515D95778004290A6 /* QueryCell_iphone.xib in Resources */,
				8E8C683815D958A4004290A6 /* queryCellBackground.png in Resources */,
				8E8C683915D958A4004290A6 /* queryCellBackground@2x.png in Resources */,
				8E8C684715D99DCE004290A6 /* GeniusRollViewController_iphone.xib in Resources */,
				8ED93B0C15DC1B4700339BF1 /* LoadingVideoView_iphone.xib in Resources */,
				8E1A7EB515E3EACF00FC7086 /* searchBar.png in Resources */,
				8E1A7EB615E3EACF00FC7086 /* searchBar@2x.png in Resources */,
				8E1A7EB715E3EACF00FC7086 /* searchButton.png in Resources */,
				8E1A7EB815E3EACF00FC7086 /* searchButton@2x.png in Resources */,
				8E649A9415E491BA00B4D407 /* SearchTerms.plist in Resources */,
				8EA44F7015E999EC00BB0A08 /* onboarding.png in Resources */,
				8EA44F7115E999EC00BB0A08 /* onboarding@2x.png in Resources */,
				8EA44F7815E9A15A00BB0A08 /* navigationBackButton.png in Resources */,
				8EA44F7915E9A15A00BB0A08 /* navigationBackButton@2x.png in Resources */,
				8ECA62BD15EA88FA00056231 /* iTunesArtwork in Resources */,
				8ECA62C515EB215400056231 /* navigationBar@2x.png in Resources */,
				8E25615315EBDEE300200BC2 /* loadingCancelButton.png in Resources */,
				8E25615415EBDEE300200BC2 /* loadingCancelButton@2x.png in Resources */,
				8E25615A15EC137300200BC2 /* iTunesArtwork@2x in Resources */,
				8E25615D15EC31CA00200BC2 /* shareButton.png in Resources */,
				8E25615E15EC31CA00200BC2 /* shareButton@2x.png in Resources */,
				8E7522BE15F68EDC000EBA59 /* Icon@2x~ipad.png in Resources */,
				8E6E9C0915F793EE00801B3C /* SearchViewController.xib in Resources */,
				8E56EF0415FA7E8C00422CEE /* LoadingVideoView_ipad.xib in Resources */,
				8E6F77B015FD97C500DB9569 /* VideoCardCell.xib in Resources */,
				8E87A457160BCD84006C75F7 /* fullscreenButton.png in Resources */,
				8E87A458160BCD84006C75F7 /* fullscreenButton@2x.png in Resources */,
				8EDAEB0C16125B1D00D0EE96 /* Default-568h@2x.png in Resources */,
			);
			runOnlyForDeploymentPostprocessing = 0;
		};
/* End PBXResourcesBuildPhase section */

/* Begin PBXShellScriptBuildPhase section */
		8EF8211115DB5D2000F18572 /* ShellScript */ = {
			isa = PBXShellScriptBuildPhase;
			buildActionMask = 2147483647;
			files = (
			);
			inputPaths = (
			);
			outputPaths = (
			);
			runOnlyForDeploymentPostprocessing = 0;
			shellPath = /bin/sh;
			shellScript = "./Crashlytics.framework/run 84a79b7ee6f2eca13877cd17b9b9a290790f99aa";
		};
/* End PBXShellScriptBuildPhase section */

/* Begin PBXSourcesBuildPhase section */
		8EDCE98F15D4C3C000EFB1F2 /* Sources */ = {
			isa = PBXSourcesBuildPhase;
			buildActionMask = 2147483647;
			files = (
				8EDCE9A415D4C3C000EFB1F2 /* main.m in Sources */,
				8EDCE9A815D4C3C000EFB1F2 /* AppDelegate.m in Sources */,
				8EDCE9AB15D4C3C000EFB1F2 /* SearchViewController.m in Sources */,
				8EDCE9B915D4C41A00EFB1F2 /* APIClient.m in Sources */,
				8EDCE9C915D4EEEE00EFB1F2 /* VideoCardCell.m in Sources */,
				8E2A243215D4F0FA00D09A8B /* AsynchronousFreeloader.m in Sources */,
				8E89F5C015D4F724004B2DFF /* VideoPlayerContainerViewController.m in Sources */,
				8E2E974615D56A2700178DA0 /* MBProgressHUD.m in Sources */,
				8E8C682A15D94CE6004290A6 /* GeniusRollViewController.m in Sources */,
				8E8C683315D9572A004290A6 /* QueryCell.m in Sources */,
				8EB3D2A815DB55DB00709586 /* Panhandler.m in Sources */,
				8ED93B0915DC1B3900339BF1 /* LoadingVideoView.m in Sources */,
				8E99EF6E15E44FDC00877068 /* VideoPlayerViewController.m in Sources */,
				8E0005B115E53CD300712B4D /* SocialController.m in Sources */,
				8ECA62CB15EB247A00056231 /* TopAlignedLabel.m in Sources */,
				8E25615815EBF02200200BC2 /* KISSMetricsAPI.m in Sources */,
				8EF33D0B15EFCFDD007FE38E /* RootNavigationController.m in Sources */,
				8EF33D0F15EFE516007FE38E /* Reachability.m in Sources */,
				8E482E7F15F94FAB0079C84A /* DetailViewController.m in Sources */,
				8EAD107515FA93C200CAEC3C /* DetailNavigationController.m in Sources */,
				8EA732A0160246D6005BA877 /* KISSMetricsController.m in Sources */,
				8EDF833B160B7AD800EB4518 /* MGSplitCornersView.m in Sources */,
				8EDF833C160B7AD800EB4518 /* MGSplitDividerView.m in Sources */,
				8EDF833E160B7AD800EB4518 /* MGSplitViewController.m in Sources */,
			);
			runOnlyForDeploymentPostprocessing = 0;
		};
/* End PBXSourcesBuildPhase section */

/* Begin PBXVariantGroup section */
		8EDCE9A015D4C3C000EFB1F2 /* InfoPlist.strings */ = {
			isa = PBXVariantGroup;
			children = (
				8EDCE9A115D4C3C000EFB1F2 /* en */,
			);
			name = InfoPlist.strings;
			sourceTree = "<group>";
		};
/* End PBXVariantGroup section */

/* Begin XCBuildConfiguration section */
		8EDCE9B215D4C3C000EFB1F2 /* Debug */ = {
			isa = XCBuildConfiguration;
			buildSettings = {
				ALWAYS_SEARCH_USER_PATHS = NO;
				ARCHS = "$(ARCHS_STANDARD_32_BIT)";
				CLANG_CXX_LANGUAGE_STANDARD = "gnu++0x";
				CLANG_ENABLE_OBJC_ARC = YES;
				CLANG_WARN__DUPLICATE_METHOD_MATCH = YES;
				CODE_SIGN_IDENTITY = "iPhone Distribution: Shelby TV, Inc.";
				"CODE_SIGN_IDENTITY[sdk=iphoneos*]" = "iPhone Distribution: Shelby TV, Inc.";
				COPY_PHASE_STRIP = NO;
				GCC_C_LANGUAGE_STANDARD = gnu99;
				GCC_DYNAMIC_NO_PIC = NO;
				GCC_OPTIMIZATION_LEVEL = 0;
				GCC_PREPROCESSOR_DEFINITIONS = (
					"DEBUG=1",
					"$(inherited)",
				);
				GCC_SYMBOLS_PRIVATE_EXTERN = NO;
				GCC_VERSION = com.apple.compilers.llvm.clang.1_0;
				GCC_WARN_ABOUT_RETURN_TYPE = YES;
				GCC_WARN_UNINITIALIZED_AUTOS = YES;
				GCC_WARN_UNUSED_VARIABLE = YES;
				IPHONEOS_DEPLOYMENT_TARGET = 5.0;
				PROVISIONING_PROFILE = "7D294517-46CD-4492-ADF6-D098DE22B521";
				"PROVISIONING_PROFILE[sdk=iphoneos*]" = "7D294517-46CD-4492-ADF6-D098DE22B521";
				SDKROOT = iphoneos;
				TARGETED_DEVICE_FAMILY = "1,2";
			};
			name = Debug;
		};
		8EDCE9B315D4C3C000EFB1F2 /* Release */ = {
			isa = XCBuildConfiguration;
			buildSettings = {
				ALWAYS_SEARCH_USER_PATHS = NO;
				ARCHS = "$(ARCHS_STANDARD_32_BIT)";
				CLANG_CXX_LANGUAGE_STANDARD = "gnu++0x";
				CLANG_ENABLE_OBJC_ARC = YES;
				CLANG_WARN__DUPLICATE_METHOD_MATCH = YES;
				CODE_SIGN_IDENTITY = "iPhone Distribution: Shelby TV, Inc.";
				"CODE_SIGN_IDENTITY[sdk=iphoneos*]" = "iPhone Distribution: Shelby TV, Inc.";
				COPY_PHASE_STRIP = YES;
				GCC_C_LANGUAGE_STANDARD = gnu99;
				GCC_VERSION = com.apple.compilers.llvm.clang.1_0;
				GCC_WARN_ABOUT_RETURN_TYPE = YES;
				GCC_WARN_UNINITIALIZED_AUTOS = YES;
				GCC_WARN_UNUSED_VARIABLE = YES;
				IPHONEOS_DEPLOYMENT_TARGET = 5.0;
				OTHER_CFLAGS = "-DNS_BLOCK_ASSERTIONS=1";
				PROVISIONING_PROFILE = "7D294517-46CD-4492-ADF6-D098DE22B521";
				"PROVISIONING_PROFILE[sdk=iphoneos*]" = "7D294517-46CD-4492-ADF6-D098DE22B521";
				SDKROOT = iphoneos;
				TARGETED_DEVICE_FAMILY = "1,2";
				VALIDATE_PRODUCT = YES;
			};
			name = Release;
		};
		8EDCE9B515D4C3C000EFB1F2 /* Debug */ = {
			isa = XCBuildConfiguration;
			buildSettings = {
				CODE_SIGN_IDENTITY = "iPhone Developer: Arthur Sabintsev (Z4E762QSUZ)";
				"CODE_SIGN_IDENTITY[sdk=iphoneos*]" = "iPhone Developer: Arthur Sabintsev (Z4E762QSUZ)";
				FRAMEWORK_SEARCH_PATHS = (
					"$(inherited)",
					"\"$(SRCROOT)\"",
				);
				GCC_PRECOMPILE_PREFIX_HEADER = YES;
				GCC_PREFIX_HEADER = "Shelby Genius/Shelby Genius-Prefix.pch";
				INFOPLIST_FILE = "Shelby Genius/Shelby Genius-Info.plist";
				IPHONEOS_DEPLOYMENT_TARGET = 5.0;
				PRODUCT_NAME = "$(TARGET_NAME)";
				PROVISIONING_PROFILE = "61286BFD-7193-40B7-8DEE-937476D8AB2E";
				"PROVISIONING_PROFILE[sdk=iphoneos*]" = "61286BFD-7193-40B7-8DEE-937476D8AB2E";
				TARGETED_DEVICE_FAMILY = "1,2";
				WRAPPER_EXTENSION = app;
			};
			name = Debug;
		};
		8EDCE9B615D4C3C000EFB1F2 /* Release */ = {
			isa = XCBuildConfiguration;
			buildSettings = {
				CODE_SIGN_IDENTITY = "iPhone Developer: Arthur Sabintsev (Z4E762QSUZ)";
				"CODE_SIGN_IDENTITY[sdk=iphoneos*]" = "iPhone Developer: Arthur Sabintsev (Z4E762QSUZ)";
				FRAMEWORK_SEARCH_PATHS = (
					"$(inherited)",
					"\"$(SRCROOT)\"",
				);
				GCC_PRECOMPILE_PREFIX_HEADER = YES;
				GCC_PREFIX_HEADER = "Shelby Genius/Shelby Genius-Prefix.pch";
				INFOPLIST_FILE = "Shelby Genius/Shelby Genius-Info.plist";
				IPHONEOS_DEPLOYMENT_TARGET = 5.0;
				PRODUCT_NAME = "$(TARGET_NAME)";
				PROVISIONING_PROFILE = "61286BFD-7193-40B7-8DEE-937476D8AB2E";
				"PROVISIONING_PROFILE[sdk=iphoneos*]" = "61286BFD-7193-40B7-8DEE-937476D8AB2E";
				TARGETED_DEVICE_FAMILY = "1,2";
				WRAPPER_EXTENSION = app;
			};
			name = Release;
		};
/* End XCBuildConfiguration section */

/* Begin XCConfigurationList section */
		8EDCE98D15D4C3C000EFB1F2 /* Build configuration list for PBXProject "Shelby Genius" */ = {
			isa = XCConfigurationList;
			buildConfigurations = (
				8EDCE9B215D4C3C000EFB1F2 /* Debug */,
				8EDCE9B315D4C3C000EFB1F2 /* Release */,
			);
			defaultConfigurationIsVisible = 0;
			defaultConfigurationName = Release;
		};
		8EDCE9B415D4C3C000EFB1F2 /* Build configuration list for PBXNativeTarget "Shelby Genius" */ = {
			isa = XCConfigurationList;
			buildConfigurations = (
				8EDCE9B515D4C3C000EFB1F2 /* Debug */,
				8EDCE9B615D4C3C000EFB1F2 /* Release */,
			);
			defaultConfigurationIsVisible = 0;
			defaultConfigurationName = Release;
		};
/* End XCConfigurationList section */
	};
	rootObject = 8EDCE98A15D4C3C000EFB1F2 /* Project object */;
}
