// !$*UTF8*$!
{
	archiveVersion = 1;
	classes = {
	};
	objectVersion = 46;
	objects = {

/* Begin PBXBuildFile section */
		8E2A243215D4F0FA00D09A8B /* AsynchronousFreeloader.m in Sources */ = {isa = PBXBuildFile; fileRef = 8E2A243115D4F0FA00D09A8B /* AsynchronousFreeloader.m */; };
		8E2A243715D4F4C400D09A8B /* MediaPlayer.framework in Frameworks */ = {isa = PBXBuildFile; fileRef = 8E2A243615D4F4C400D09A8B /* MediaPlayer.framework */; };
		8E2E974215D565F900178DA0 /* AVFoundation.framework in Frameworks */ = {isa = PBXBuildFile; fileRef = 8E2E974115D565F900178DA0 /* AVFoundation.framework */; };
		8E2E974615D56A2700178DA0 /* MBProgressHUD.m in Sources */ = {isa = PBXBuildFile; fileRef = 8E2E974515D56A2700178DA0 /* MBProgressHUD.m */; };
		8E89F5C015D4F724004B2DFF /* VideoPlayerViewController.m in Sources */ = {isa = PBXBuildFile; fileRef = 8E89F5BF15D4F724004B2DFF /* VideoPlayerViewController.m */; };
		8E89F5C915D4FEC4004B2DFF /* Default.png in Resources */ = {isa = PBXBuildFile; fileRef = 8E89F5C115D4FEC4004B2DFF /* Default.png */; };
		8E89F5CA15D4FEC4004B2DFF /* Default@2x.png in Resources */ = {isa = PBXBuildFile; fileRef = 8E89F5C215D4FEC4004B2DFF /* Default@2x.png */; };
		8E89F5CB15D4FEC4004B2DFF /* Icon-72.png in Resources */ = {isa = PBXBuildFile; fileRef = 8E89F5C315D4FEC4004B2DFF /* Icon-72.png */; };
		8E89F5CC15D4FEC4004B2DFF /* Icon-Small-50.png in Resources */ = {isa = PBXBuildFile; fileRef = 8E89F5C415D4FEC4004B2DFF /* Icon-Small-50.png */; };
		8E89F5CD15D4FEC4004B2DFF /* Icon-Small.png in Resources */ = {isa = PBXBuildFile; fileRef = 8E89F5C515D4FEC4004B2DFF /* Icon-Small.png */; };
		8E89F5CE15D4FEC4004B2DFF /* Icon-Small@2x.png in Resources */ = {isa = PBXBuildFile; fileRef = 8E89F5C615D4FEC4004B2DFF /* Icon-Small@2x.png */; };
		8E89F5CF15D4FEC4004B2DFF /* Icon.png in Resources */ = {isa = PBXBuildFile; fileRef = 8E89F5C715D4FEC4004B2DFF /* Icon.png */; };
		8E89F5D015D4FEC4004B2DFF /* Icon@2x.png in Resources */ = {isa = PBXBuildFile; fileRef = 8E89F5C815D4FEC4004B2DFF /* Icon@2x.png */; };
		8E8C682A15D94CE6004290A6 /* GeniusRollViewController.m in Sources */ = {isa = PBXBuildFile; fileRef = 8E8C682815D94CE5004290A6 /* GeniusRollViewController.m */; };
		8E8C682B15D94CE6004290A6 /* GeniusRollViewController.xib in Resources */ = {isa = PBXBuildFile; fileRef = 8E8C682915D94CE5004290A6 /* GeniusRollViewController.xib */; };
		8E8C682F15D9568B004290A6 /* tableSectionHeaderBackground.png in Resources */ = {isa = PBXBuildFile; fileRef = 8E8C682D15D9568B004290A6 /* tableSectionHeaderBackground.png */; };
		8E8C683015D9568B004290A6 /* tableSectionHeaderBackground@2x.png in Resources */ = {isa = PBXBuildFile; fileRef = 8E8C682E15D9568B004290A6 /* tableSectionHeaderBackground@2x.png */; };
		8E8C683315D9572A004290A6 /* QueryCell.m in Sources */ = {isa = PBXBuildFile; fileRef = 8E8C683215D9572A004290A6 /* QueryCell.m */; };
		8E8C683515D95778004290A6 /* QueryCell.xib in Resources */ = {isa = PBXBuildFile; fileRef = 8E8C683415D95778004290A6 /* QueryCell.xib */; };
		8E8C683815D958A4004290A6 /* queryCellBackground.png in Resources */ = {isa = PBXBuildFile; fileRef = 8E8C683615D958A4004290A6 /* queryCellBackground.png */; };
		8E8C683915D958A4004290A6 /* queryCellBackground@2x.png in Resources */ = {isa = PBXBuildFile; fileRef = 8E8C683715D958A4004290A6 /* queryCellBackground@2x.png */; };
		8EDCE99815D4C3C000EFB1F2 /* UIKit.framework in Frameworks */ = {isa = PBXBuildFile; fileRef = 8EDCE99715D4C3C000EFB1F2 /* UIKit.framework */; };
		8EDCE99A15D4C3C000EFB1F2 /* Foundation.framework in Frameworks */ = {isa = PBXBuildFile; fileRef = 8EDCE99915D4C3C000EFB1F2 /* Foundation.framework */; };
		8EDCE99C15D4C3C000EFB1F2 /* CoreGraphics.framework in Frameworks */ = {isa = PBXBuildFile; fileRef = 8EDCE99B15D4C3C000EFB1F2 /* CoreGraphics.framework */; };
		8EDCE9A215D4C3C000EFB1F2 /* InfoPlist.strings in Resources */ = {isa = PBXBuildFile; fileRef = 8EDCE9A015D4C3C000EFB1F2 /* InfoPlist.strings */; };
		8EDCE9A415D4C3C000EFB1F2 /* main.m in Sources */ = {isa = PBXBuildFile; fileRef = 8EDCE9A315D4C3C000EFB1F2 /* main.m */; };
		8EDCE9A815D4C3C000EFB1F2 /* AppDelegate.m in Sources */ = {isa = PBXBuildFile; fileRef = 8EDCE9A715D4C3C000EFB1F2 /* AppDelegate.m */; };
		8EDCE9AB15D4C3C000EFB1F2 /* SearchViewController.m in Sources */ = {isa = PBXBuildFile; fileRef = 8EDCE9AA15D4C3C000EFB1F2 /* SearchViewController.m */; };
		8EDCE9AE15D4C3C000EFB1F2 /* SearchViewController_iPhone.xib in Resources */ = {isa = PBXBuildFile; fileRef = 8EDCE9AC15D4C3C000EFB1F2 /* SearchViewController_iPhone.xib */; };
		8EDCE9B915D4C41A00EFB1F2 /* APIClient.m in Sources */ = {isa = PBXBuildFile; fileRef = 8EDCE9B815D4C41A00EFB1F2 /* APIClient.m */; };
		8EDCE9C915D4EEEE00EFB1F2 /* VideoCardCell.m in Sources */ = {isa = PBXBuildFile; fileRef = 8EDCE9C815D4EEEE00EFB1F2 /* VideoCardCell.m */; };
		8EDCE9D015D4EF4400EFB1F2 /* VideoCardCell.xib in Resources */ = {isa = PBXBuildFile; fileRef = 8EDCE9CF15D4EF4400EFB1F2 /* VideoCardCell.xib */; };
		8EDDFB2F15D88B1A00BCD710 /* Ubuntu-B.ttf in Resources */ = {isa = PBXBuildFile; fileRef = 8EDDFB2315D88B1A00BCD710 /* Ubuntu-B.ttf */; };
		8EDDFB3015D88B1A00BCD710 /* Ubuntu-M.ttf in Resources */ = {isa = PBXBuildFile; fileRef = 8EDDFB2415D88B1A00BCD710 /* Ubuntu-M.ttf */; };
		8EDDFB3115D88B1A00BCD710 /* Ubuntu-R.ttf in Resources */ = {isa = PBXBuildFile; fileRef = 8EDDFB2515D88B1A00BCD710 /* Ubuntu-R.ttf */; };
		8EDDFB3215D88B1A00BCD710 /* navigationLogo.png in Resources */ = {isa = PBXBuildFile; fileRef = 8EDDFB2715D88B1A00BCD710 /* navigationLogo.png */; };
		8EDDFB3315D88B1A00BCD710 /* navigationLogo@2x.png in Resources */ = {isa = PBXBuildFile; fileRef = 8EDDFB2815D88B1A00BCD710 /* navigationLogo@2x.png */; };
		8EDDFB3415D88B1A00BCD710 /* navigationBar.png in Resources */ = {isa = PBXBuildFile; fileRef = 8EDDFB2915D88B1A00BCD710 /* navigationBar.png */; };
		8EDDFB3515D88B1A00BCD710 /* navigationBarar@2x.png in Resources */ = {isa = PBXBuildFile; fileRef = 8EDDFB2A15D88B1A00BCD710 /* navigationBarar@2x.png */; };
/* End PBXBuildFile section */

/* Begin PBXFileReference section */
		8E2A243015D4F0FA00D09A8B /* AsynchronousFreeloader.h */ = {isa = PBXFileReference; fileEncoding = 4; lastKnownFileType = sourcecode.c.h; path = AsynchronousFreeloader.h; sourceTree = "<group>"; };
		8E2A243115D4F0FA00D09A8B /* AsynchronousFreeloader.m */ = {isa = PBXFileReference; fileEncoding = 4; lastKnownFileType = sourcecode.c.objc; path = AsynchronousFreeloader.m; sourceTree = "<group>"; };
		8E2A243615D4F4C400D09A8B /* MediaPlayer.framework */ = {isa = PBXFileReference; lastKnownFileType = wrapper.framework; name = MediaPlayer.framework; path = System/Library/Frameworks/MediaPlayer.framework; sourceTree = SDKROOT; };
		8E2E974115D565F900178DA0 /* AVFoundation.framework */ = {isa = PBXFileReference; lastKnownFileType = wrapper.framework; name = AVFoundation.framework; path = System/Library/Frameworks/AVFoundation.framework; sourceTree = SDKROOT; };
		8E2E974415D56A2700178DA0 /* MBProgressHUD.h */ = {isa = PBXFileReference; fileEncoding = 4; lastKnownFileType = sourcecode.c.h; path = MBProgressHUD.h; sourceTree = "<group>"; };
		8E2E974515D56A2700178DA0 /* MBProgressHUD.m */ = {isa = PBXFileReference; fileEncoding = 4; lastKnownFileType = sourcecode.c.objc; path = MBProgressHUD.m; sourceTree = "<group>"; };
		8E89F5BE15D4F724004B2DFF /* VideoPlayerViewController.h */ = {isa = PBXFileReference; fileEncoding = 4; lastKnownFileType = sourcecode.c.h; path = VideoPlayerViewController.h; sourceTree = "<group>"; };
		8E89F5BF15D4F724004B2DFF /* VideoPlayerViewController.m */ = {isa = PBXFileReference; fileEncoding = 4; lastKnownFileType = sourcecode.c.objc; path = VideoPlayerViewController.m; sourceTree = "<group>"; };
		8E89F5C115D4FEC4004B2DFF /* Default.png */ = {isa = PBXFileReference; lastKnownFileType = image.png; path = Default.png; sourceTree = SOURCE_ROOT; };
		8E89F5C215D4FEC4004B2DFF /* Default@2x.png */ = {isa = PBXFileReference; lastKnownFileType = image.png; path = "Default@2x.png"; sourceTree = SOURCE_ROOT; };
		8E89F5C315D4FEC4004B2DFF /* Icon-72.png */ = {isa = PBXFileReference; lastKnownFileType = image.png; path = "Icon-72.png"; sourceTree = SOURCE_ROOT; };
		8E89F5C415D4FEC4004B2DFF /* Icon-Small-50.png */ = {isa = PBXFileReference; lastKnownFileType = image.png; path = "Icon-Small-50.png"; sourceTree = SOURCE_ROOT; };
		8E89F5C515D4FEC4004B2DFF /* Icon-Small.png */ = {isa = PBXFileReference; lastKnownFileType = image.png; path = "Icon-Small.png"; sourceTree = SOURCE_ROOT; };
		8E89F5C615D4FEC4004B2DFF /* Icon-Small@2x.png */ = {isa = PBXFileReference; lastKnownFileType = image.png; path = "Icon-Small@2x.png"; sourceTree = SOURCE_ROOT; };
		8E89F5C715D4FEC4004B2DFF /* Icon.png */ = {isa = PBXFileReference; lastKnownFileType = image.png; path = Icon.png; sourceTree = SOURCE_ROOT; };
		8E89F5C815D4FEC4004B2DFF /* Icon@2x.png */ = {isa = PBXFileReference; lastKnownFileType = image.png; path = "Icon@2x.png"; sourceTree = SOURCE_ROOT; };
		8E8C682715D94CE5004290A6 /* GeniusRollViewController.h */ = {isa = PBXFileReference; fileEncoding = 4; lastKnownFileType = sourcecode.c.h; path = GeniusRollViewController.h; sourceTree = "<group>"; };
		8E8C682815D94CE5004290A6 /* GeniusRollViewController.m */ = {isa = PBXFileReference; fileEncoding = 4; lastKnownFileType = sourcecode.c.objc; path = GeniusRollViewController.m; sourceTree = "<group>"; };
		8E8C682915D94CE5004290A6 /* GeniusRollViewController.xib */ = {isa = PBXFileReference; fileEncoding = 4; lastKnownFileType = file.xib; path = GeniusRollViewController.xib; sourceTree = "<group>"; };
		8E8C682D15D9568B004290A6 /* tableSectionHeaderBackground.png */ = {isa = PBXFileReference; lastKnownFileType = image.png; path = tableSectionHeaderBackground.png; sourceTree = "<group>"; };
		8E8C682E15D9568B004290A6 /* tableSectionHeaderBackground@2x.png */ = {isa = PBXFileReference; lastKnownFileType = image.png; path = "tableSectionHeaderBackground@2x.png"; sourceTree = "<group>"; };
		8E8C683115D9572A004290A6 /* QueryCell.h */ = {isa = PBXFileReference; fileEncoding = 4; lastKnownFileType = sourcecode.c.h; path = QueryCell.h; sourceTree = "<group>"; };
		8E8C683215D9572A004290A6 /* QueryCell.m */ = {isa = PBXFileReference; fileEncoding = 4; lastKnownFileType = sourcecode.c.objc; path = QueryCell.m; sourceTree = "<group>"; };
		8E8C683415D95778004290A6 /* QueryCell.xib */ = {isa = PBXFileReference; fileEncoding = 4; lastKnownFileType = file.xib; path = QueryCell.xib; sourceTree = "<group>"; };
		8E8C683615D958A4004290A6 /* queryCellBackground.png */ = {isa = PBXFileReference; lastKnownFileType = image.png; path = queryCellBackground.png; sourceTree = "<group>"; };
		8E8C683715D958A4004290A6 /* queryCellBackground@2x.png */ = {isa = PBXFileReference; lastKnownFileType = image.png; path = "queryCellBackground@2x.png"; sourceTree = "<group>"; };
		8E8C683A15D95CEC004290A6 /* Structures.h */ = {isa = PBXFileReference; lastKnownFileType = sourcecode.c.h; path = Structures.h; sourceTree = "<group>"; };
		8E8C683C15D95D0B004290A6 /* APIRoutes.h */ = {isa = PBXFileReference; lastKnownFileType = sourcecode.c.h; name = APIRoutes.h; path = ../APIRoutes.h; sourceTree = "<group>"; };
		8EDCE99315D4C3C000EFB1F2 /* Shelby Genius.app */ = {isa = PBXFileReference; explicitFileType = wrapper.application; includeInIndex = 0; path = "Shelby Genius.app"; sourceTree = BUILT_PRODUCTS_DIR; };
		8EDCE99715D4C3C000EFB1F2 /* UIKit.framework */ = {isa = PBXFileReference; lastKnownFileType = wrapper.framework; name = UIKit.framework; path = System/Library/Frameworks/UIKit.framework; sourceTree = SDKROOT; };
		8EDCE99915D4C3C000EFB1F2 /* Foundation.framework */ = {isa = PBXFileReference; lastKnownFileType = wrapper.framework; name = Foundation.framework; path = System/Library/Frameworks/Foundation.framework; sourceTree = SDKROOT; };
		8EDCE99B15D4C3C000EFB1F2 /* CoreGraphics.framework */ = {isa = PBXFileReference; lastKnownFileType = wrapper.framework; name = CoreGraphics.framework; path = System/Library/Frameworks/CoreGraphics.framework; sourceTree = SDKROOT; };
		8EDCE99F15D4C3C000EFB1F2 /* Shelby Genius-Info.plist */ = {isa = PBXFileReference; lastKnownFileType = text.plist.xml; path = "Shelby Genius-Info.plist"; sourceTree = "<group>"; };
		8EDCE9A115D4C3C000EFB1F2 /* en */ = {isa = PBXFileReference; lastKnownFileType = text.plist.strings; name = en; path = en.lproj/InfoPlist.strings; sourceTree = "<group>"; };
		8EDCE9A315D4C3C000EFB1F2 /* main.m */ = {isa = PBXFileReference; lastKnownFileType = sourcecode.c.objc; path = main.m; sourceTree = "<group>"; };
		8EDCE9A515D4C3C000EFB1F2 /* Shelby Genius-Prefix.pch */ = {isa = PBXFileReference; lastKnownFileType = sourcecode.c.h; path = "Shelby Genius-Prefix.pch"; sourceTree = "<group>"; };
		8EDCE9A615D4C3C000EFB1F2 /* AppDelegate.h */ = {isa = PBXFileReference; lastKnownFileType = sourcecode.c.h; path = AppDelegate.h; sourceTree = "<group>"; };
		8EDCE9A715D4C3C000EFB1F2 /* AppDelegate.m */ = {isa = PBXFileReference; lastKnownFileType = sourcecode.c.objc; path = AppDelegate.m; sourceTree = "<group>"; };
		8EDCE9A915D4C3C000EFB1F2 /* SearchViewController.h */ = {isa = PBXFileReference; lastKnownFileType = sourcecode.c.h; path = SearchViewController.h; sourceTree = "<group>"; };
		8EDCE9AA15D4C3C000EFB1F2 /* SearchViewController.m */ = {isa = PBXFileReference; lastKnownFileType = sourcecode.c.objc; path = SearchViewController.m; sourceTree = "<group>"; };
		8EDCE9AD15D4C3C000EFB1F2 /* en */ = {isa = PBXFileReference; lastKnownFileType = file.xib; name = en; path = en.lproj/SearchViewController_iPhone.xib; sourceTree = "<group>"; };
		8EDCE9B715D4C41A00EFB1F2 /* APIClient.h */ = {isa = PBXFileReference; fileEncoding = 4; lastKnownFileType = sourcecode.c.h; path = APIClient.h; sourceTree = "<group>"; };
		8EDCE9B815D4C41A00EFB1F2 /* APIClient.m */ = {isa = PBXFileReference; fileEncoding = 4; lastKnownFileType = sourcecode.c.objc; path = APIClient.m; sourceTree = "<group>"; };
		8EDCE9BE15D4CFBD00EFB1F2 /* Constants.h */ = {isa = PBXFileReference; lastKnownFileType = sourcecode.c.h; path = Constants.h; sourceTree = "<group>"; };
		8EDCE9C715D4EEEE00EFB1F2 /* VideoCardCell.h */ = {isa = PBXFileReference; fileEncoding = 4; lastKnownFileType = sourcecode.c.h; path = VideoCardCell.h; sourceTree = "<group>"; };
		8EDCE9C815D4EEEE00EFB1F2 /* VideoCardCell.m */ = {isa = PBXFileReference; fileEncoding = 4; lastKnownFileType = sourcecode.c.objc; path = VideoCardCell.m; sourceTree = "<group>"; };
		8EDCE9CF15D4EF4400EFB1F2 /* VideoCardCell.xib */ = {isa = PBXFileReference; fileEncoding = 4; lastKnownFileType = file.xib; path = VideoCardCell.xib; sourceTree = "<group>"; };
		8EDDFB2315D88B1A00BCD710 /* Ubuntu-B.ttf */ = {isa = PBXFileReference; lastKnownFileType = file; path = "Ubuntu-B.ttf"; sourceTree = "<group>"; };
		8EDDFB2415D88B1A00BCD710 /* Ubuntu-M.ttf */ = {isa = PBXFileReference; lastKnownFileType = file; path = "Ubuntu-M.ttf"; sourceTree = "<group>"; };
		8EDDFB2515D88B1A00BCD710 /* Ubuntu-R.ttf */ = {isa = PBXFileReference; lastKnownFileType = file; path = "Ubuntu-R.ttf"; sourceTree = "<group>"; };
		8EDDFB2715D88B1A00BCD710 /* navigationLogo.png */ = {isa = PBXFileReference; lastKnownFileType = image.png; path = navigationLogo.png; sourceTree = "<group>"; };
		8EDDFB2815D88B1A00BCD710 /* navigationLogo@2x.png */ = {isa = PBXFileReference; lastKnownFileType = image.png; path = "navigationLogo@2x.png"; sourceTree = "<group>"; };
		8EDDFB2915D88B1A00BCD710 /* navigationBar.png */ = {isa = PBXFileReference; lastKnownFileType = image.png; path = navigationBar.png; sourceTree = "<group>"; };
		8EDDFB2A15D88B1A00BCD710 /* navigationBarar@2x.png */ = {isa = PBXFileReference; lastKnownFileType = image.png; path = "navigationBarar@2x.png"; sourceTree = "<group>"; };
/* End PBXFileReference section */

/* Begin PBXFrameworksBuildPhase section */
		8EDCE99015D4C3C000EFB1F2 /* Frameworks */ = {
			isa = PBXFrameworksBuildPhase;
			buildActionMask = 2147483647;
			files = (
				8E2E974215D565F900178DA0 /* AVFoundation.framework in Frameworks */,
				8E2A243715D4F4C400D09A8B /* MediaPlayer.framework in Frameworks */,
				8EDCE99815D4C3C000EFB1F2 /* UIKit.framework in Frameworks */,
				8EDCE99A15D4C3C000EFB1F2 /* Foundation.framework in Frameworks */,
				8EDCE99C15D4C3C000EFB1F2 /* CoreGraphics.framework in Frameworks */,
			);
			runOnlyForDeploymentPostprocessing = 0;
		};
/* End PBXFrameworksBuildPhase section */

/* Begin PBXGroup section */
		8E2A242F15D4F0FA00D09A8B /* Asynchronous Freeloader */ = {
			isa = PBXGroup;
			children = (
				8E2A243015D4F0FA00D09A8B /* AsynchronousFreeloader.h */,
				8E2A243115D4F0FA00D09A8B /* AsynchronousFreeloader.m */,
			);
			name = "Asynchronous Freeloader";
			path = "External Libraries/Asynchronous Freeloader";
			sourceTree = SOURCE_ROOT;
		};
		8E2E974315D56A2700178DA0 /* MBProgressHUD */ = {
			isa = PBXGroup;
			children = (
				8E2E974415D56A2700178DA0 /* MBProgressHUD.h */,
				8E2E974515D56A2700178DA0 /* MBProgressHUD.m */,
			);
			name = MBProgressHUD;
			path = "External Libraries/MBProgressHUD";
			sourceTree = SOURCE_ROOT;
		};
		8E89F5D115D4FECB004B2DFF /* Resources */ = {
			isa = PBXGroup;
			children = (
				8EDDFB2215D88B1A00BCD710 /* Fonts */,
				8EDDFB2615D88B1A00BCD710 /* Images */,
				8E89F5C115D4FEC4004B2DFF /* Default.png */,
				8E89F5C215D4FEC4004B2DFF /* Default@2x.png */,
				8E89F5C315D4FEC4004B2DFF /* Icon-72.png */,
				8E89F5C415D4FEC4004B2DFF /* Icon-Small-50.png */,
				8E89F5C515D4FEC4004B2DFF /* Icon-Small.png */,
				8E89F5C615D4FEC4004B2DFF /* Icon-Small@2x.png */,
				8E89F5C715D4FEC4004B2DFF /* Icon.png */,
				8E89F5C815D4FEC4004B2DFF /* Icon@2x.png */,
			);
			name = Resources;
			sourceTree = "<group>";
		};
		8E8C683D15D95D12004290A6 /* Constants */ = {
			isa = PBXGroup;
			children = (
				8EDCE9BE15D4CFBD00EFB1F2 /* Constants.h */,
				8E8C683A15D95CEC004290A6 /* Structures.h */,
				8E8C683C15D95D0B004290A6 /* APIRoutes.h */,
			);
			name = Constants;
			sourceTree = "<group>";
		};
		8EDCE98815D4C3C000EFB1F2 = {
			isa = PBXGroup;
			children = (
				8EDCE99D15D4C3C000EFB1F2 /* Shelby Genius */,
				8EDCE99615D4C3C000EFB1F2 /* Frameworks */,
				8EDCE99415D4C3C000EFB1F2 /* Products */,
			);
			sourceTree = "<group>";
		};
		8EDCE99415D4C3C000EFB1F2 /* Products */ = {
			isa = PBXGroup;
			children = (
				8EDCE99315D4C3C000EFB1F2 /* Shelby Genius.app */,
			);
			name = Products;
			sourceTree = "<group>";
		};
		8EDCE99615D4C3C000EFB1F2 /* Frameworks */ = {
			isa = PBXGroup;
			children = (
				8E2E974115D565F900178DA0 /* AVFoundation.framework */,
				8E2A243615D4F4C400D09A8B /* MediaPlayer.framework */,
				8EDCE99715D4C3C000EFB1F2 /* UIKit.framework */,
				8EDCE99915D4C3C000EFB1F2 /* Foundation.framework */,
				8EDCE99B15D4C3C000EFB1F2 /* CoreGraphics.framework */,
			);
			name = Frameworks;
			sourceTree = "<group>";
		};
		8EDCE99D15D4C3C000EFB1F2 /* Shelby Genius */ = {
			isa = PBXGroup;
			children = (
				8EDCE9CB15D4EF0600EFB1F2 /* Models */,
				8EDCE9CA15D4EEF900EFB1F2 /* Controllers */,
				8EDCE9CE15D4EF2700EFB1F2 /* View Controllers */,
				8EDCE9CC15D4EF0F00EFB1F2 /* Views */,
				8E8C683D15D95D12004290A6 /* Constants */,
				8EDCE9D115D4F02A00EFB1F2 /* External Libraries */,
				8E89F5D115D4FECB004B2DFF /* Resources */,
				8EDCE99E15D4C3C000EFB1F2 /* Supporting Files */,
			);
			path = "Shelby Genius";
			sourceTree = "<group>";
		};
		8EDCE99E15D4C3C000EFB1F2 /* Supporting Files */ = {
			isa = PBXGroup;
			children = (
				8EDCE99F15D4C3C000EFB1F2 /* Shelby Genius-Info.plist */,
				8EDCE9A015D4C3C000EFB1F2 /* InfoPlist.strings */,
				8EDCE9A315D4C3C000EFB1F2 /* main.m */,
				8EDCE9A515D4C3C000EFB1F2 /* Shelby Genius-Prefix.pch */,
			);
			name = "Supporting Files";
			sourceTree = "<group>";
		};
		8EDCE9CA15D4EEF900EFB1F2 /* Controllers */ = {
			isa = PBXGroup;
			children = (
				8EDCE9B715D4C41A00EFB1F2 /* APIClient.h */,
				8EDCE9B815D4C41A00EFB1F2 /* APIClient.m */,
			);
			name = Controllers;
			sourceTree = "<group>";
		};
		8EDCE9CB15D4EF0600EFB1F2 /* Models */ = {
			isa = PBXGroup;
			children = (
				8EDCE9A615D4C3C000EFB1F2 /* AppDelegate.h */,
				8EDCE9A715D4C3C000EFB1F2 /* AppDelegate.m */,
			);
			name = Models;
			sourceTree = "<group>";
		};
		8EDCE9CC15D4EF0F00EFB1F2 /* Views */ = {
			isa = PBXGroup;
			children = (
				8EDCE9CD15D4EF1D00EFB1F2 /* Xibs */,
				8E8C683115D9572A004290A6 /* QueryCell.h */,
				8E8C683215D9572A004290A6 /* QueryCell.m */,
				8EDCE9C715D4EEEE00EFB1F2 /* VideoCardCell.h */,
				8EDCE9C815D4EEEE00EFB1F2 /* VideoCardCell.m */,
			);
			name = Views;
			sourceTree = "<group>";
		};
		8EDCE9CD15D4EF1D00EFB1F2 /* Xibs */ = {
			isa = PBXGroup;
			children = (
				8E8C682915D94CE5004290A6 /* GeniusRollViewController.xib */,
				8EDCE9AC15D4C3C000EFB1F2 /* SearchViewController_iPhone.xib */,
				8E8C683415D95778004290A6 /* QueryCell.xib */,
				8EDCE9CF15D4EF4400EFB1F2 /* VideoCardCell.xib */,
			);
			name = Xibs;
			sourceTree = "<group>";
		};
		8EDCE9CE15D4EF2700EFB1F2 /* View Controllers */ = {
			isa = PBXGroup;
			children = (
				8E8C682715D94CE5004290A6 /* GeniusRollViewController.h */,
				8E8C682815D94CE5004290A6 /* GeniusRollViewController.m */,
				8EDCE9A915D4C3C000EFB1F2 /* SearchViewController.h */,
				8EDCE9AA15D4C3C000EFB1F2 /* SearchViewController.m */,
				8E89F5BE15D4F724004B2DFF /* VideoPlayerViewController.h */,
				8E89F5BF15D4F724004B2DFF /* VideoPlayerViewController.m */,
			);
			name = "View Controllers";
			sourceTree = "<group>";
		};
		8EDCE9D115D4F02A00EFB1F2 /* External Libraries */ = {
			isa = PBXGroup;
			children = (
				8E2E974315D56A2700178DA0 /* MBProgressHUD */,
				8E2A242F15D4F0FA00D09A8B /* Asynchronous Freeloader */,
			);
			name = "External Libraries";
			sourceTree = "<group>";
		};
		8EDDFB2215D88B1A00BCD710 /* Fonts */ = {
			isa = PBXGroup;
			children = (
				8EDDFB2315D88B1A00BCD710 /* Ubuntu-B.ttf */,
				8EDDFB2415D88B1A00BCD710 /* Ubuntu-M.ttf */,
				8EDDFB2515D88B1A00BCD710 /* Ubuntu-R.ttf */,
			);
			name = Fonts;
			path = Resources/Fonts;
			sourceTree = SOURCE_ROOT;
		};
		8EDDFB2615D88B1A00BCD710 /* Images */ = {
			isa = PBXGroup;
			children = (
				8E8C683615D958A4004290A6 /* queryCellBackground.png */,
				8E8C683715D958A4004290A6 /* queryCellBackground@2x.png */,
				8EDDFB2715D88B1A00BCD710 /* navigationLogo.png */,
				8EDDFB2815D88B1A00BCD710 /* navigationLogo@2x.png */,
				8EDDFB2915D88B1A00BCD710 /* navigationBar.png */,
				8EDDFB2A15D88B1A00BCD710 /* navigationBarar@2x.png */,
				8E8C682D15D9568B004290A6 /* tableSectionHeaderBackground.png */,
				8E8C682E15D9568B004290A6 /* tableSectionHeaderBackground@2x.png */,
			);
			name = Images;
			path = Resources/Images;
			sourceTree = SOURCE_ROOT;
		};
/* End PBXGroup section */

/* Begin PBXNativeTarget section */
		8EDCE99215D4C3C000EFB1F2 /* Shelby Genius */ = {
			isa = PBXNativeTarget;
			buildConfigurationList = 8EDCE9B415D4C3C000EFB1F2 /* Build configuration list for PBXNativeTarget "Shelby Genius" */;
			buildPhases = (
				8EDCE98F15D4C3C000EFB1F2 /* Sources */,
				8EDCE99015D4C3C000EFB1F2 /* Frameworks */,
				8EDCE99115D4C3C000EFB1F2 /* Resources */,
			);
			buildRules = (
			);
			dependencies = (
			);
			name = "Shelby Genius";
			productName = "Shelby Genius";
			productReference = 8EDCE99315D4C3C000EFB1F2 /* Shelby Genius.app */;
			productType = "com.apple.product-type.application";
		};
/* End PBXNativeTarget section */

/* Begin PBXProject section */
		8EDCE98A15D4C3C000EFB1F2 /* Project object */ = {
			isa = PBXProject;
			attributes = {
				LastUpgradeCheck = 0440;
				ORGANIZATIONNAME = "Arthur Ariel Sabintsev";
			};
			buildConfigurationList = 8EDCE98D15D4C3C000EFB1F2 /* Build configuration list for PBXProject "Shelby Genius" */;
			compatibilityVersion = "Xcode 3.2";
			developmentRegion = English;
			hasScannedForEncodings = 0;
			knownRegions = (
				en,
			);
			mainGroup = 8EDCE98815D4C3C000EFB1F2;
			productRefGroup = 8EDCE99415D4C3C000EFB1F2 /* Products */;
			projectDirPath = "";
			projectRoot = "";
			targets = (
				8EDCE99215D4C3C000EFB1F2 /* Shelby Genius */,
			);
		};
/* End PBXProject section */

/* Begin PBXResourcesBuildPhase section */
		8EDCE99115D4C3C000EFB1F2 /* Resources */ = {
			isa = PBXResourcesBuildPhase;
			buildActionMask = 2147483647;
			files = (
				8EDCE9A215D4C3C000EFB1F2 /* InfoPlist.strings in Resources */,
				8EDCE9AE15D4C3C000EFB1F2 /* SearchViewController_iPhone.xib in Resources */,
				8EDCE9D015D4EF4400EFB1F2 /* VideoCardCell.xib in Resources */,
				8E89F5C915D4FEC4004B2DFF /* Default.png in Resources */,
				8E89F5CA15D4FEC4004B2DFF /* Default@2x.png in Resources */,
				8E89F5CB15D4FEC4004B2DFF /* Icon-72.png in Resources */,
				8E89F5CC15D4FEC4004B2DFF /* Icon-Small-50.png in Resources */,
				8E89F5CD15D4FEC4004B2DFF /* Icon-Small.png in Resources */,
				8E89F5CE15D4FEC4004B2DFF /* Icon-Small@2x.png in Resources */,
				8E89F5CF15D4FEC4004B2DFF /* Icon.png in Resources */,
				8E89F5D015D4FEC4004B2DFF /* Icon@2x.png in Resources */,
				8EDDFB2F15D88B1A00BCD710 /* Ubuntu-B.ttf in Resources */,
				8EDDFB3015D88B1A00BCD710 /* Ubuntu-M.ttf in Resources */,
				8EDDFB3115D88B1A00BCD710 /* Ubuntu-R.ttf in Resources */,
				8EDDFB3215D88B1A00BCD710 /* navigationLogo.png in Resources */,
				8EDDFB3315D88B1A00BCD710 /* navigationLogo@2x.png in Resources */,
				8EDDFB3415D88B1A00BCD710 /* navigationBar.png in Resources */,
				8EDDFB3515D88B1A00BCD710 /* navigationBarar@2x.png in Resources */,
				8E8C682B15D94CE6004290A6 /* GeniusRollViewController.xib in Resources */,
				8E8C682F15D9568B004290A6 /* tableSectionHeaderBackground.png in Resources */,
				8E8C683015D9568B004290A6 /* tableSectionHeaderBackground@2x.png in Resources */,
				8E8C683515D95778004290A6 /* QueryCell.xib in Resources */,
				8E8C683815D958A4004290A6 /* queryCellBackground.png in Resources */,
				8E8C683915D958A4004290A6 /* queryCellBackground@2x.png in Resources */,
			);
			runOnlyForDeploymentPostprocessing = 0;
		};
/* End PBXResourcesBuildPhase section */

/* Begin PBXSourcesBuildPhase section */
		8EDCE98F15D4C3C000EFB1F2 /* Sources */ = {
			isa = PBXSourcesBuildPhase;
			buildActionMask = 2147483647;
			files = (
				8EDCE9A415D4C3C000EFB1F2 /* main.m in Sources */,
				8EDCE9A815D4C3C000EFB1F2 /* AppDelegate.m in Sources */,
				8EDCE9AB15D4C3C000EFB1F2 /* SearchViewController.m in Sources */,
				8EDCE9B915D4C41A00EFB1F2 /* APIClient.m in Sources */,
				8EDCE9C915D4EEEE00EFB1F2 /* VideoCardCell.m in Sources */,
				8E2A243215D4F0FA00D09A8B /* AsynchronousFreeloader.m in Sources */,
				8E89F5C015D4F724004B2DFF /* VideoPlayerViewController.m in Sources */,
				8E2E974615D56A2700178DA0 /* MBProgressHUD.m in Sources */,
				8E8C682A15D94CE6004290A6 /* GeniusRollViewController.m in Sources */,
				8E8C683315D9572A004290A6 /* QueryCell.m in Sources */,
			);
			runOnlyForDeploymentPostprocessing = 0;
		};
/* End PBXSourcesBuildPhase section */

/* Begin PBXVariantGroup section */
		8EDCE9A015D4C3C000EFB1F2 /* InfoPlist.strings */ = {
			isa = PBXVariantGroup;
			children = (
				8EDCE9A115D4C3C000EFB1F2 /* en */,
			);
			name = InfoPlist.strings;
			sourceTree = "<group>";
		};
		8EDCE9AC15D4C3C000EFB1F2 /* SearchViewController_iPhone.xib */ = {
			isa = PBXVariantGroup;
			children = (
				8EDCE9AD15D4C3C000EFB1F2 /* en */,
			);
			name = SearchViewController_iPhone.xib;
			sourceTree = "<group>";
		};
/* End PBXVariantGroup section */

/* Begin XCBuildConfiguration section */
		8EDCE9B215D4C3C000EFB1F2 /* Debug */ = {
			isa = XCBuildConfiguration;
			buildSettings = {
				ALWAYS_SEARCH_USER_PATHS = NO;
				ARCHS = "$(ARCHS_STANDARD_32_BIT)";
				CLANG_CXX_LANGUAGE_STANDARD = "gnu++0x";
				CLANG_ENABLE_OBJC_ARC = YES;
				CLANG_WARN__DUPLICATE_METHOD_MATCH = YES;
				"CODE_SIGN_IDENTITY[sdk=iphoneos*]" = "iPhone Developer";
				COPY_PHASE_STRIP = NO;
				GCC_C_LANGUAGE_STANDARD = gnu99;
				GCC_DYNAMIC_NO_PIC = NO;
				GCC_OPTIMIZATION_LEVEL = 0;
				GCC_PREPROCESSOR_DEFINITIONS = (
					"DEBUG=1",
					"$(inherited)",
				);
				GCC_SYMBOLS_PRIVATE_EXTERN = NO;
				GCC_VERSION = com.apple.compilers.llvm.clang.1_0;
				GCC_WARN_ABOUT_RETURN_TYPE = YES;
				GCC_WARN_UNINITIALIZED_AUTOS = YES;
				GCC_WARN_UNUSED_VARIABLE = YES;
				IPHONEOS_DEPLOYMENT_TARGET = 5.1;
				SDKROOT = iphoneos;
				TARGETED_DEVICE_FAMILY = "1,2";
			};
			name = Debug;
		};
		8EDCE9B315D4C3C000EFB1F2 /* Release */ = {
			isa = XCBuildConfiguration;
			buildSettings = {
				ALWAYS_SEARCH_USER_PATHS = NO;
				ARCHS = "$(ARCHS_STANDARD_32_BIT)";
				CLANG_CXX_LANGUAGE_STANDARD = "gnu++0x";
				CLANG_ENABLE_OBJC_ARC = YES;
				CLANG_WARN__DUPLICATE_METHOD_MATCH = YES;
				"CODE_SIGN_IDENTITY[sdk=iphoneos*]" = "iPhone Developer";
				COPY_PHASE_STRIP = YES;
				GCC_C_LANGUAGE_STANDARD = gnu99;
				GCC_VERSION = com.apple.compilers.llvm.clang.1_0;
				GCC_WARN_ABOUT_RETURN_TYPE = YES;
				GCC_WARN_UNINITIALIZED_AUTOS = YES;
				GCC_WARN_UNUSED_VARIABLE = YES;
				IPHONEOS_DEPLOYMENT_TARGET = 5.1;
				OTHER_CFLAGS = "-DNS_BLOCK_ASSERTIONS=1";
				SDKROOT = iphoneos;
				TARGETED_DEVICE_FAMILY = "1,2";
				VALIDATE_PRODUCT = YES;
			};
			name = Release;
		};
		8EDCE9B515D4C3C000EFB1F2 /* Debug */ = {
			isa = XCBuildConfiguration;
			buildSettings = {
				CODE_SIGN_IDENTITY = "iPhone Developer: Arthur Sabintsev (Z4E762QSUZ)";
				"CODE_SIGN_IDENTITY[sdk=iphoneos*]" = "iPhone Developer: Arthur Sabintsev (Z4E762QSUZ)";
				GCC_PRECOMPILE_PREFIX_HEADER = YES;
				GCC_PREFIX_HEADER = "Shelby Genius/Shelby Genius-Prefix.pch";
				INFOPLIST_FILE = "Shelby Genius/Shelby Genius-Info.plist";
				IPHONEOS_DEPLOYMENT_TARGET = 5.0;
				PRODUCT_NAME = "$(TARGET_NAME)";
				PROVISIONING_PROFILE = "A6CC5FE3-9170-47F2-A539-3EDB4028F3C0";
				"PROVISIONING_PROFILE[sdk=iphoneos*]" = "A6CC5FE3-9170-47F2-A539-3EDB4028F3C0";
				TARGETED_DEVICE_FAMILY = 1;
				WRAPPER_EXTENSION = app;
			};
			name = Debug;
		};
		8EDCE9B615D4C3C000EFB1F2 /* Release */ = {
			isa = XCBuildConfiguration;
			buildSettings = {
				CODE_SIGN_IDENTITY = "iPhone Developer: Arthur Sabintsev (Z4E762QSUZ)";
				"CODE_SIGN_IDENTITY[sdk=iphoneos*]" = "iPhone Developer: Arthur Sabintsev (Z4E762QSUZ)";
				GCC_PRECOMPILE_PREFIX_HEADER = YES;
				GCC_PREFIX_HEADER = "Shelby Genius/Shelby Genius-Prefix.pch";
				INFOPLIST_FILE = "Shelby Genius/Shelby Genius-Info.plist";
				IPHONEOS_DEPLOYMENT_TARGET = 5.0;
				PRODUCT_NAME = "$(TARGET_NAME)";
				PROVISIONING_PROFILE = "A6CC5FE3-9170-47F2-A539-3EDB4028F3C0";
				"PROVISIONING_PROFILE[sdk=iphoneos*]" = "A94CD3C6-916F-493E-B434-6B5F5573376E";
				TARGETED_DEVICE_FAMILY = 1;
				WRAPPER_EXTENSION = app;
			};
			name = Release;
		};
/* End XCBuildConfiguration section */

/* Begin XCConfigurationList section */
		8EDCE98D15D4C3C000EFB1F2 /* Build configuration list for PBXProject "Shelby Genius" */ = {
			isa = XCConfigurationList;
			buildConfigurations = (
				8EDCE9B215D4C3C000EFB1F2 /* Debug */,
				8EDCE9B315D4C3C000EFB1F2 /* Release */,
			);
			defaultConfigurationIsVisible = 0;
			defaultConfigurationName = Release;
		};
		8EDCE9B415D4C3C000EFB1F2 /* Build configuration list for PBXNativeTarget "Shelby Genius" */ = {
			isa = XCConfigurationList;
			buildConfigurations = (
				8EDCE9B515D4C3C000EFB1F2 /* Debug */,
				8EDCE9B615D4C3C000EFB1F2 /* Release */,
			);
			defaultConfigurationIsVisible = 0;
			defaultConfigurationName = Release;
		};
/* End XCConfigurationList section */
	};
	rootObject = 8EDCE98A15D4C3C000EFB1F2 /* Project object */;
}
